
Microsoft Visual Studio Solution File, Format Version 12.00
# Visual Studio 15
VisualStudioVersion = 15.0.27428.2002
MinimumVisualStudioVersion = 10.0.40219.1
Project("{FAE04EC0-301F-11D3-BF4B-00C04F79EFBC}") = "Deliverix", "WebApplication1\Deliverix.csproj", "{56390CAA-51F1-4DFC-A2C7-7F5133C940AF}"
EndProject
Project("{FAE04EC0-301F-11D3-BF4B-00C04F79EFBC}") = "DeliverixSucursales", "DeliverixSucursales\DeliverixSucursales.csproj", "{832FA850-5D60-4D08-85D9-F4180149F384}"
EndProject
Project("{FAE04EC0-301F-11D3-BF4B-00C04F79EFBC}") = "Deliverix.Wpf.Distribuidores", "Deliverix.Wpf.Distribuidores\Deliverix.Wpf.Distribuidores.csproj", "{E886730D-4BB2-4E4C-A440-C0920990A219}"
EndProject
Project("{FAE04EC0-301F-11D3-BF4B-00C04F79EFBC}") = "DBControl", "DBControl\DBControl.csproj", "{325BEB05-A5B9-4E3F-A6C1-1F858B1AAE70}"
EndProject
Project("{FAE04EC0-301F-11D3-BF4B-00C04F79EFBC}") = "Modelo", "Modelo\Modelo.csproj", "{1BBD5430-599E-4CD5-8FE8-9D771CD8FBCD}"
EndProject
Project("{FAE04EC0-301F-11D3-BF4B-00C04F79EFBC}") = "VistaDelModelo", "VistaDelModelo\VistaDelModelo.csproj", "{97732EC8-C778-4399-A29E-49181B3EB87E}"
EndProject
Project("{FAE04EC0-301F-11D3-BF4B-00C04F79EFBC}") = "Repartidores_GoDeliverix.iOS", "Repartidores_GoDeliverix\Repartidores_GoDeliverix.iOS\Repartidores_GoDeliverix.iOS.csproj", "{CB143BC4-C36C-4A0F-8AB2-81912363E2E5}"
EndProject
Project("{9A19103F-16F7-4668-BE54-9A1E7A4F7556}") = "Repartidores_GoDeliverix", "Repartidores_GoDeliverix\Repartidores_GoDeliverix\Repartidores_GoDeliverix.csproj", "{FED82D27-B286-43F9-8C6C-9A8B295DABF1}"
EndProject
Project("{FAE04EC0-301F-11D3-BF4B-00C04F79EFBC}") = "Repartidores_GoDeliverix.Android", "Repartidores_GoDeliverix\Repartidores_GoDeliverix.Android\Repartidores_GoDeliverix.Android.csproj", "{8EFED08B-B68B-494B-BA23-699B392BFDDA}"
EndProject
Project("{9A19103F-16F7-4668-BE54-9A1E7A4F7556}") = "AppCliente", "AppCliente\AppCliente\AppCliente.csproj", "{600836F2-3D48-498E-86CC-4AA2A1AAF8D5}"
EndProject
Project("{FAE04EC0-301F-11D3-BF4B-00C04F79EFBC}") = "AppCliente.Android", "AppCliente\AppCliente.Android\AppCliente.Android.csproj", "{1D474AE0-259D-4200-A78F-10FDB6935FF4}"
EndProject
Project("{FAE04EC0-301F-11D3-BF4B-00C04F79EFBC}") = "AppCliente.iOS", "AppCliente\AppCliente.iOS\AppCliente.iOS.csproj", "{75DBD2FA-9BD7-42BE-BC3A-61C7E4E42B07}"
EndProject
Project("{9A19103F-16F7-4668-BE54-9A1E7A4F7556}") = "AppPuestoTacos", "AppPuestoTacos\AppPuestoTacos\AppPuestoTacos.csproj", "{DF3A7FA4-662D-4EA6-9BA5-AE0ECA9A6819}"
EndProject
Project("{FAE04EC0-301F-11D3-BF4B-00C04F79EFBC}") = "AppPuestoTacos.Android", "AppPuestoTacos\AppPuestoTacos.Android\AppPuestoTacos.Android.csproj", "{786C7984-DD0F-48EA-95AC-DB5B7DD16EF9}"
EndProject
Project("{FAE04EC0-301F-11D3-BF4B-00C04F79EFBC}") = "AppPuestoTacos.iOS", "AppPuestoTacos\AppPuestoTacos.iOS\AppPuestoTacos.iOS.csproj", "{08968182-E001-4CD4-9A16-E142C393E8CF}"
EndProject
Project("{9A19103F-16F7-4668-BE54-9A1E7A4F7556}") = "WebApplication2", "WebApplication2\WebApplication2.csproj", "{E738E87B-1D12-4C58-8A37-F17A6C33429D}"
EndProject
Project("{FAE04EC0-301F-11D3-BF4B-00C04F79EFBC}") = "AppPrueba.Android", "AppPrueba\AppPrueba.Android\AppPrueba.Android.csproj", "{163D1FF1-C150-469D-A8AD-9186CE1E34C3}"
EndProject
Project("{FAE04EC0-301F-11D3-BF4B-00C04F79EFBC}") = "AppPrueba.iOS", "AppPrueba\AppPrueba.iOS\AppPrueba.iOS.csproj", "{ECE0E400-796B-40F2-950D-C6EA1A89F0D3}"
EndProject
Project("{FAE04EC0-301F-11D3-BF4B-00C04F79EFBC}") = "AppPrueba", "AppPrueba\AppPrueba\AppPrueba.csproj", "{6AF0F9B3-C1A2-423A-AF63-5D3CF4AACB7F}"
EndProject
Global
	GlobalSection(SolutionConfigurationPlatforms) = preSolution
		Ad-Hoc|Any CPU = Ad-Hoc|Any CPU
		Ad-Hoc|ARM = Ad-Hoc|ARM
		Ad-Hoc|iPhone = Ad-Hoc|iPhone
		Ad-Hoc|iPhoneSimulator = Ad-Hoc|iPhoneSimulator
		Ad-Hoc|x64 = Ad-Hoc|x64
		Ad-Hoc|x86 = Ad-Hoc|x86
		AppStore|Any CPU = AppStore|Any CPU
		AppStore|ARM = AppStore|ARM
		AppStore|iPhone = AppStore|iPhone
		AppStore|iPhoneSimulator = AppStore|iPhoneSimulator
		AppStore|x64 = AppStore|x64
		AppStore|x86 = AppStore|x86
		Debug|Any CPU = Debug|Any CPU
		Debug|ARM = Debug|ARM
		Debug|iPhone = Debug|iPhone
		Debug|iPhoneSimulator = Debug|iPhoneSimulator
		Debug|x64 = Debug|x64
		Debug|x86 = Debug|x86
		Release|Any CPU = Release|Any CPU
		Release|ARM = Release|ARM
		Release|iPhone = Release|iPhone
		Release|iPhoneSimulator = Release|iPhoneSimulator
		Release|x64 = Release|x64
		Release|x86 = Release|x86
	EndGlobalSection
	GlobalSection(ProjectConfigurationPlatforms) = postSolution
		{56390CAA-51F1-4DFC-A2C7-7F5133C940AF}.Ad-Hoc|Any CPU.ActiveCfg = Release|Any CPU
		{56390CAA-51F1-4DFC-A2C7-7F5133C940AF}.Ad-Hoc|Any CPU.Build.0 = Release|Any CPU
		{56390CAA-51F1-4DFC-A2C7-7F5133C940AF}.Ad-Hoc|ARM.ActiveCfg = Release|Any CPU
		{56390CAA-51F1-4DFC-A2C7-7F5133C940AF}.Ad-Hoc|ARM.Build.0 = Release|Any CPU
		{56390CAA-51F1-4DFC-A2C7-7F5133C940AF}.Ad-Hoc|iPhone.ActiveCfg = Release|Any CPU
		{56390CAA-51F1-4DFC-A2C7-7F5133C940AF}.Ad-Hoc|iPhone.Build.0 = Release|Any CPU
		{56390CAA-51F1-4DFC-A2C7-7F5133C940AF}.Ad-Hoc|iPhoneSimulator.ActiveCfg = Release|Any CPU
		{56390CAA-51F1-4DFC-A2C7-7F5133C940AF}.Ad-Hoc|iPhoneSimulator.Build.0 = Release|Any CPU
		{56390CAA-51F1-4DFC-A2C7-7F5133C940AF}.Ad-Hoc|x64.ActiveCfg = Release|Any CPU
		{56390CAA-51F1-4DFC-A2C7-7F5133C940AF}.Ad-Hoc|x64.Build.0 = Release|Any CPU
		{56390CAA-51F1-4DFC-A2C7-7F5133C940AF}.Ad-Hoc|x86.ActiveCfg = Release|Any CPU
		{56390CAA-51F1-4DFC-A2C7-7F5133C940AF}.Ad-Hoc|x86.Build.0 = Release|Any CPU
		{56390CAA-51F1-4DFC-A2C7-7F5133C940AF}.AppStore|Any CPU.ActiveCfg = Release|Any CPU
		{56390CAA-51F1-4DFC-A2C7-7F5133C940AF}.AppStore|Any CPU.Build.0 = Release|Any CPU
		{56390CAA-51F1-4DFC-A2C7-7F5133C940AF}.AppStore|ARM.ActiveCfg = Release|Any CPU
		{56390CAA-51F1-4DFC-A2C7-7F5133C940AF}.AppStore|ARM.Build.0 = Release|Any CPU
		{56390CAA-51F1-4DFC-A2C7-7F5133C940AF}.AppStore|iPhone.ActiveCfg = Release|Any CPU
		{56390CAA-51F1-4DFC-A2C7-7F5133C940AF}.AppStore|iPhone.Build.0 = Release|Any CPU
		{56390CAA-51F1-4DFC-A2C7-7F5133C940AF}.AppStore|iPhoneSimulator.ActiveCfg = Release|Any CPU
		{56390CAA-51F1-4DFC-A2C7-7F5133C940AF}.AppStore|iPhoneSimulator.Build.0 = Release|Any CPU
		{56390CAA-51F1-4DFC-A2C7-7F5133C940AF}.AppStore|x64.ActiveCfg = Release|Any CPU
		{56390CAA-51F1-4DFC-A2C7-7F5133C940AF}.AppStore|x64.Build.0 = Release|Any CPU
		{56390CAA-51F1-4DFC-A2C7-7F5133C940AF}.AppStore|x86.ActiveCfg = Release|Any CPU
		{56390CAA-51F1-4DFC-A2C7-7F5133C940AF}.AppStore|x86.Build.0 = Release|Any CPU
		{56390CAA-51F1-4DFC-A2C7-7F5133C940AF}.Debug|Any CPU.ActiveCfg = Debug|Any CPU
		{56390CAA-51F1-4DFC-A2C7-7F5133C940AF}.Debug|Any CPU.Build.0 = Debug|Any CPU
		{56390CAA-51F1-4DFC-A2C7-7F5133C940AF}.Debug|ARM.ActiveCfg = Debug|Any CPU
		{56390CAA-51F1-4DFC-A2C7-7F5133C940AF}.Debug|ARM.Build.0 = Debug|Any CPU
		{56390CAA-51F1-4DFC-A2C7-7F5133C940AF}.Debug|iPhone.ActiveCfg = Debug|Any CPU
		{56390CAA-51F1-4DFC-A2C7-7F5133C940AF}.Debug|iPhone.Build.0 = Debug|Any CPU
		{56390CAA-51F1-4DFC-A2C7-7F5133C940AF}.Debug|iPhoneSimulator.ActiveCfg = Debug|Any CPU
		{56390CAA-51F1-4DFC-A2C7-7F5133C940AF}.Debug|iPhoneSimulator.Build.0 = Debug|Any CPU
		{56390CAA-51F1-4DFC-A2C7-7F5133C940AF}.Debug|x64.ActiveCfg = Debug|Any CPU
		{56390CAA-51F1-4DFC-A2C7-7F5133C940AF}.Debug|x64.Build.0 = Debug|Any CPU
		{56390CAA-51F1-4DFC-A2C7-7F5133C940AF}.Debug|x86.ActiveCfg = Debug|Any CPU
		{56390CAA-51F1-4DFC-A2C7-7F5133C940AF}.Debug|x86.Build.0 = Debug|Any CPU
		{56390CAA-51F1-4DFC-A2C7-7F5133C940AF}.Release|Any CPU.ActiveCfg = Release|Any CPU
		{56390CAA-51F1-4DFC-A2C7-7F5133C940AF}.Release|Any CPU.Build.0 = Release|Any CPU
		{56390CAA-51F1-4DFC-A2C7-7F5133C940AF}.Release|ARM.ActiveCfg = Release|Any CPU
		{56390CAA-51F1-4DFC-A2C7-7F5133C940AF}.Release|ARM.Build.0 = Release|Any CPU
		{56390CAA-51F1-4DFC-A2C7-7F5133C940AF}.Release|iPhone.ActiveCfg = Release|Any CPU
		{56390CAA-51F1-4DFC-A2C7-7F5133C940AF}.Release|iPhone.Build.0 = Release|Any CPU
		{56390CAA-51F1-4DFC-A2C7-7F5133C940AF}.Release|iPhoneSimulator.ActiveCfg = Release|Any CPU
		{56390CAA-51F1-4DFC-A2C7-7F5133C940AF}.Release|iPhoneSimulator.Build.0 = Release|Any CPU
		{56390CAA-51F1-4DFC-A2C7-7F5133C940AF}.Release|x64.ActiveCfg = Release|Any CPU
		{56390CAA-51F1-4DFC-A2C7-7F5133C940AF}.Release|x64.Build.0 = Release|Any CPU
		{56390CAA-51F1-4DFC-A2C7-7F5133C940AF}.Release|x86.ActiveCfg = Release|Any CPU
		{56390CAA-51F1-4DFC-A2C7-7F5133C940AF}.Release|x86.Build.0 = Release|Any CPU
		{832FA850-5D60-4D08-85D9-F4180149F384}.Ad-Hoc|Any CPU.ActiveCfg = Release|Any CPU
		{832FA850-5D60-4D08-85D9-F4180149F384}.Ad-Hoc|Any CPU.Build.0 = Release|Any CPU
		{832FA850-5D60-4D08-85D9-F4180149F384}.Ad-Hoc|ARM.ActiveCfg = Release|Any CPU
		{832FA850-5D60-4D08-85D9-F4180149F384}.Ad-Hoc|ARM.Build.0 = Release|Any CPU
		{832FA850-5D60-4D08-85D9-F4180149F384}.Ad-Hoc|iPhone.ActiveCfg = Release|Any CPU
		{832FA850-5D60-4D08-85D9-F4180149F384}.Ad-Hoc|iPhone.Build.0 = Release|Any CPU
		{832FA850-5D60-4D08-85D9-F4180149F384}.Ad-Hoc|iPhoneSimulator.ActiveCfg = Release|Any CPU
		{832FA850-5D60-4D08-85D9-F4180149F384}.Ad-Hoc|iPhoneSimulator.Build.0 = Release|Any CPU
		{832FA850-5D60-4D08-85D9-F4180149F384}.Ad-Hoc|x64.ActiveCfg = Release|Any CPU
		{832FA850-5D60-4D08-85D9-F4180149F384}.Ad-Hoc|x64.Build.0 = Release|Any CPU
		{832FA850-5D60-4D08-85D9-F4180149F384}.Ad-Hoc|x86.ActiveCfg = Release|Any CPU
		{832FA850-5D60-4D08-85D9-F4180149F384}.Ad-Hoc|x86.Build.0 = Release|Any CPU
		{832FA850-5D60-4D08-85D9-F4180149F384}.AppStore|Any CPU.ActiveCfg = Release|Any CPU
		{832FA850-5D60-4D08-85D9-F4180149F384}.AppStore|Any CPU.Build.0 = Release|Any CPU
		{832FA850-5D60-4D08-85D9-F4180149F384}.AppStore|ARM.ActiveCfg = Release|Any CPU
		{832FA850-5D60-4D08-85D9-F4180149F384}.AppStore|ARM.Build.0 = Release|Any CPU
		{832FA850-5D60-4D08-85D9-F4180149F384}.AppStore|iPhone.ActiveCfg = Release|Any CPU
		{832FA850-5D60-4D08-85D9-F4180149F384}.AppStore|iPhone.Build.0 = Release|Any CPU
		{832FA850-5D60-4D08-85D9-F4180149F384}.AppStore|iPhoneSimulator.ActiveCfg = Release|Any CPU
		{832FA850-5D60-4D08-85D9-F4180149F384}.AppStore|iPhoneSimulator.Build.0 = Release|Any CPU
		{832FA850-5D60-4D08-85D9-F4180149F384}.AppStore|x64.ActiveCfg = Release|Any CPU
		{832FA850-5D60-4D08-85D9-F4180149F384}.AppStore|x64.Build.0 = Release|Any CPU
		{832FA850-5D60-4D08-85D9-F4180149F384}.AppStore|x86.ActiveCfg = Release|Any CPU
		{832FA850-5D60-4D08-85D9-F4180149F384}.AppStore|x86.Build.0 = Release|Any CPU
		{832FA850-5D60-4D08-85D9-F4180149F384}.Debug|Any CPU.ActiveCfg = Debug|Any CPU
		{832FA850-5D60-4D08-85D9-F4180149F384}.Debug|Any CPU.Build.0 = Debug|Any CPU
		{832FA850-5D60-4D08-85D9-F4180149F384}.Debug|ARM.ActiveCfg = Debug|Any CPU
		{832FA850-5D60-4D08-85D9-F4180149F384}.Debug|ARM.Build.0 = Debug|Any CPU
		{832FA850-5D60-4D08-85D9-F4180149F384}.Debug|iPhone.ActiveCfg = Debug|Any CPU
		{832FA850-5D60-4D08-85D9-F4180149F384}.Debug|iPhone.Build.0 = Debug|Any CPU
		{832FA850-5D60-4D08-85D9-F4180149F384}.Debug|iPhoneSimulator.ActiveCfg = Debug|Any CPU
		{832FA850-5D60-4D08-85D9-F4180149F384}.Debug|iPhoneSimulator.Build.0 = Debug|Any CPU
		{832FA850-5D60-4D08-85D9-F4180149F384}.Debug|x64.ActiveCfg = Debug|Any CPU
		{832FA850-5D60-4D08-85D9-F4180149F384}.Debug|x64.Build.0 = Debug|Any CPU
		{832FA850-5D60-4D08-85D9-F4180149F384}.Debug|x86.ActiveCfg = Debug|Any CPU
		{832FA850-5D60-4D08-85D9-F4180149F384}.Debug|x86.Build.0 = Debug|Any CPU
		{832FA850-5D60-4D08-85D9-F4180149F384}.Release|Any CPU.ActiveCfg = Release|Any CPU
		{832FA850-5D60-4D08-85D9-F4180149F384}.Release|Any CPU.Build.0 = Release|Any CPU
		{832FA850-5D60-4D08-85D9-F4180149F384}.Release|ARM.ActiveCfg = Release|Any CPU
		{832FA850-5D60-4D08-85D9-F4180149F384}.Release|ARM.Build.0 = Release|Any CPU
		{832FA850-5D60-4D08-85D9-F4180149F384}.Release|iPhone.ActiveCfg = Release|Any CPU
		{832FA850-5D60-4D08-85D9-F4180149F384}.Release|iPhone.Build.0 = Release|Any CPU
		{832FA850-5D60-4D08-85D9-F4180149F384}.Release|iPhoneSimulator.ActiveCfg = Release|Any CPU
		{832FA850-5D60-4D08-85D9-F4180149F384}.Release|iPhoneSimulator.Build.0 = Release|Any CPU
		{832FA850-5D60-4D08-85D9-F4180149F384}.Release|x64.ActiveCfg = Release|Any CPU
		{832FA850-5D60-4D08-85D9-F4180149F384}.Release|x64.Build.0 = Release|Any CPU
		{832FA850-5D60-4D08-85D9-F4180149F384}.Release|x86.ActiveCfg = Release|Any CPU
		{832FA850-5D60-4D08-85D9-F4180149F384}.Release|x86.Build.0 = Release|Any CPU
		{E886730D-4BB2-4E4C-A440-C0920990A219}.Ad-Hoc|Any CPU.ActiveCfg = Release|Any CPU
		{E886730D-4BB2-4E4C-A440-C0920990A219}.Ad-Hoc|Any CPU.Build.0 = Release|Any CPU
		{E886730D-4BB2-4E4C-A440-C0920990A219}.Ad-Hoc|ARM.ActiveCfg = Release|Any CPU
		{E886730D-4BB2-4E4C-A440-C0920990A219}.Ad-Hoc|ARM.Build.0 = Release|Any CPU
		{E886730D-4BB2-4E4C-A440-C0920990A219}.Ad-Hoc|iPhone.ActiveCfg = Release|Any CPU
		{E886730D-4BB2-4E4C-A440-C0920990A219}.Ad-Hoc|iPhone.Build.0 = Release|Any CPU
		{E886730D-4BB2-4E4C-A440-C0920990A219}.Ad-Hoc|iPhoneSimulator.ActiveCfg = Release|Any CPU
		{E886730D-4BB2-4E4C-A440-C0920990A219}.Ad-Hoc|iPhoneSimulator.Build.0 = Release|Any CPU
		{E886730D-4BB2-4E4C-A440-C0920990A219}.Ad-Hoc|x64.ActiveCfg = Release|Any CPU
		{E886730D-4BB2-4E4C-A440-C0920990A219}.Ad-Hoc|x64.Build.0 = Release|Any CPU
		{E886730D-4BB2-4E4C-A440-C0920990A219}.Ad-Hoc|x86.ActiveCfg = Release|Any CPU
		{E886730D-4BB2-4E4C-A440-C0920990A219}.Ad-Hoc|x86.Build.0 = Release|Any CPU
		{E886730D-4BB2-4E4C-A440-C0920990A219}.AppStore|Any CPU.ActiveCfg = Release|Any CPU
		{E886730D-4BB2-4E4C-A440-C0920990A219}.AppStore|Any CPU.Build.0 = Release|Any CPU
		{E886730D-4BB2-4E4C-A440-C0920990A219}.AppStore|ARM.ActiveCfg = Release|Any CPU
		{E886730D-4BB2-4E4C-A440-C0920990A219}.AppStore|ARM.Build.0 = Release|Any CPU
		{E886730D-4BB2-4E4C-A440-C0920990A219}.AppStore|iPhone.ActiveCfg = Release|Any CPU
		{E886730D-4BB2-4E4C-A440-C0920990A219}.AppStore|iPhone.Build.0 = Release|Any CPU
		{E886730D-4BB2-4E4C-A440-C0920990A219}.AppStore|iPhoneSimulator.ActiveCfg = Release|Any CPU
		{E886730D-4BB2-4E4C-A440-C0920990A219}.AppStore|iPhoneSimulator.Build.0 = Release|Any CPU
		{E886730D-4BB2-4E4C-A440-C0920990A219}.AppStore|x64.ActiveCfg = Release|Any CPU
		{E886730D-4BB2-4E4C-A440-C0920990A219}.AppStore|x64.Build.0 = Release|Any CPU
		{E886730D-4BB2-4E4C-A440-C0920990A219}.AppStore|x86.ActiveCfg = Release|Any CPU
		{E886730D-4BB2-4E4C-A440-C0920990A219}.AppStore|x86.Build.0 = Release|Any CPU
		{E886730D-4BB2-4E4C-A440-C0920990A219}.Debug|Any CPU.ActiveCfg = Debug|Any CPU
		{E886730D-4BB2-4E4C-A440-C0920990A219}.Debug|Any CPU.Build.0 = Debug|Any CPU
		{E886730D-4BB2-4E4C-A440-C0920990A219}.Debug|ARM.ActiveCfg = Debug|Any CPU
		{E886730D-4BB2-4E4C-A440-C0920990A219}.Debug|ARM.Build.0 = Debug|Any CPU
		{E886730D-4BB2-4E4C-A440-C0920990A219}.Debug|iPhone.ActiveCfg = Debug|Any CPU
		{E886730D-4BB2-4E4C-A440-C0920990A219}.Debug|iPhone.Build.0 = Debug|Any CPU
		{E886730D-4BB2-4E4C-A440-C0920990A219}.Debug|iPhoneSimulator.ActiveCfg = Debug|Any CPU
		{E886730D-4BB2-4E4C-A440-C0920990A219}.Debug|iPhoneSimulator.Build.0 = Debug|Any CPU
		{E886730D-4BB2-4E4C-A440-C0920990A219}.Debug|x64.ActiveCfg = Debug|Any CPU
		{E886730D-4BB2-4E4C-A440-C0920990A219}.Debug|x64.Build.0 = Debug|Any CPU
		{E886730D-4BB2-4E4C-A440-C0920990A219}.Debug|x86.ActiveCfg = Debug|Any CPU
		{E886730D-4BB2-4E4C-A440-C0920990A219}.Debug|x86.Build.0 = Debug|Any CPU
		{E886730D-4BB2-4E4C-A440-C0920990A219}.Release|Any CPU.ActiveCfg = Release|Any CPU
		{E886730D-4BB2-4E4C-A440-C0920990A219}.Release|Any CPU.Build.0 = Release|Any CPU
		{E886730D-4BB2-4E4C-A440-C0920990A219}.Release|ARM.ActiveCfg = Release|Any CPU
		{E886730D-4BB2-4E4C-A440-C0920990A219}.Release|ARM.Build.0 = Release|Any CPU
		{E886730D-4BB2-4E4C-A440-C0920990A219}.Release|iPhone.ActiveCfg = Release|Any CPU
		{E886730D-4BB2-4E4C-A440-C0920990A219}.Release|iPhone.Build.0 = Release|Any CPU
		{E886730D-4BB2-4E4C-A440-C0920990A219}.Release|iPhoneSimulator.ActiveCfg = Release|Any CPU
		{E886730D-4BB2-4E4C-A440-C0920990A219}.Release|iPhoneSimulator.Build.0 = Release|Any CPU
		{E886730D-4BB2-4E4C-A440-C0920990A219}.Release|x64.ActiveCfg = Release|Any CPU
		{E886730D-4BB2-4E4C-A440-C0920990A219}.Release|x64.Build.0 = Release|Any CPU
		{E886730D-4BB2-4E4C-A440-C0920990A219}.Release|x86.ActiveCfg = Release|Any CPU
		{E886730D-4BB2-4E4C-A440-C0920990A219}.Release|x86.Build.0 = Release|Any CPU
		{325BEB05-A5B9-4E3F-A6C1-1F858B1AAE70}.Ad-Hoc|Any CPU.ActiveCfg = Release|Any CPU
		{325BEB05-A5B9-4E3F-A6C1-1F858B1AAE70}.Ad-Hoc|Any CPU.Build.0 = Release|Any CPU
		{325BEB05-A5B9-4E3F-A6C1-1F858B1AAE70}.Ad-Hoc|ARM.ActiveCfg = Release|Any CPU
		{325BEB05-A5B9-4E3F-A6C1-1F858B1AAE70}.Ad-Hoc|ARM.Build.0 = Release|Any CPU
		{325BEB05-A5B9-4E3F-A6C1-1F858B1AAE70}.Ad-Hoc|iPhone.ActiveCfg = Release|Any CPU
		{325BEB05-A5B9-4E3F-A6C1-1F858B1AAE70}.Ad-Hoc|iPhone.Build.0 = Release|Any CPU
		{325BEB05-A5B9-4E3F-A6C1-1F858B1AAE70}.Ad-Hoc|iPhoneSimulator.ActiveCfg = Release|Any CPU
		{325BEB05-A5B9-4E3F-A6C1-1F858B1AAE70}.Ad-Hoc|iPhoneSimulator.Build.0 = Release|Any CPU
		{325BEB05-A5B9-4E3F-A6C1-1F858B1AAE70}.Ad-Hoc|x64.ActiveCfg = Release|Any CPU
		{325BEB05-A5B9-4E3F-A6C1-1F858B1AAE70}.Ad-Hoc|x64.Build.0 = Release|Any CPU
		{325BEB05-A5B9-4E3F-A6C1-1F858B1AAE70}.Ad-Hoc|x86.ActiveCfg = Release|Any CPU
		{325BEB05-A5B9-4E3F-A6C1-1F858B1AAE70}.Ad-Hoc|x86.Build.0 = Release|Any CPU
		{325BEB05-A5B9-4E3F-A6C1-1F858B1AAE70}.AppStore|Any CPU.ActiveCfg = Release|Any CPU
		{325BEB05-A5B9-4E3F-A6C1-1F858B1AAE70}.AppStore|Any CPU.Build.0 = Release|Any CPU
		{325BEB05-A5B9-4E3F-A6C1-1F858B1AAE70}.AppStore|ARM.ActiveCfg = Release|Any CPU
		{325BEB05-A5B9-4E3F-A6C1-1F858B1AAE70}.AppStore|ARM.Build.0 = Release|Any CPU
		{325BEB05-A5B9-4E3F-A6C1-1F858B1AAE70}.AppStore|iPhone.ActiveCfg = Release|Any CPU
		{325BEB05-A5B9-4E3F-A6C1-1F858B1AAE70}.AppStore|iPhone.Build.0 = Release|Any CPU
		{325BEB05-A5B9-4E3F-A6C1-1F858B1AAE70}.AppStore|iPhoneSimulator.ActiveCfg = Release|Any CPU
		{325BEB05-A5B9-4E3F-A6C1-1F858B1AAE70}.AppStore|iPhoneSimulator.Build.0 = Release|Any CPU
		{325BEB05-A5B9-4E3F-A6C1-1F858B1AAE70}.AppStore|x64.ActiveCfg = Release|Any CPU
		{325BEB05-A5B9-4E3F-A6C1-1F858B1AAE70}.AppStore|x64.Build.0 = Release|Any CPU
		{325BEB05-A5B9-4E3F-A6C1-1F858B1AAE70}.AppStore|x86.ActiveCfg = Release|Any CPU
		{325BEB05-A5B9-4E3F-A6C1-1F858B1AAE70}.AppStore|x86.Build.0 = Release|Any CPU
		{325BEB05-A5B9-4E3F-A6C1-1F858B1AAE70}.Debug|Any CPU.ActiveCfg = Debug|Any CPU
		{325BEB05-A5B9-4E3F-A6C1-1F858B1AAE70}.Debug|Any CPU.Build.0 = Debug|Any CPU
		{325BEB05-A5B9-4E3F-A6C1-1F858B1AAE70}.Debug|ARM.ActiveCfg = Debug|Any CPU
		{325BEB05-A5B9-4E3F-A6C1-1F858B1AAE70}.Debug|ARM.Build.0 = Debug|Any CPU
		{325BEB05-A5B9-4E3F-A6C1-1F858B1AAE70}.Debug|iPhone.ActiveCfg = Debug|Any CPU
		{325BEB05-A5B9-4E3F-A6C1-1F858B1AAE70}.Debug|iPhone.Build.0 = Debug|Any CPU
		{325BEB05-A5B9-4E3F-A6C1-1F858B1AAE70}.Debug|iPhoneSimulator.ActiveCfg = Debug|Any CPU
		{325BEB05-A5B9-4E3F-A6C1-1F858B1AAE70}.Debug|iPhoneSimulator.Build.0 = Debug|Any CPU
		{325BEB05-A5B9-4E3F-A6C1-1F858B1AAE70}.Debug|x64.ActiveCfg = Debug|Any CPU
		{325BEB05-A5B9-4E3F-A6C1-1F858B1AAE70}.Debug|x64.Build.0 = Debug|Any CPU
		{325BEB05-A5B9-4E3F-A6C1-1F858B1AAE70}.Debug|x86.ActiveCfg = Debug|Any CPU
		{325BEB05-A5B9-4E3F-A6C1-1F858B1AAE70}.Debug|x86.Build.0 = Debug|Any CPU
		{325BEB05-A5B9-4E3F-A6C1-1F858B1AAE70}.Release|Any CPU.ActiveCfg = Release|Any CPU
		{325BEB05-A5B9-4E3F-A6C1-1F858B1AAE70}.Release|Any CPU.Build.0 = Release|Any CPU
		{325BEB05-A5B9-4E3F-A6C1-1F858B1AAE70}.Release|ARM.ActiveCfg = Release|Any CPU
		{325BEB05-A5B9-4E3F-A6C1-1F858B1AAE70}.Release|ARM.Build.0 = Release|Any CPU
		{325BEB05-A5B9-4E3F-A6C1-1F858B1AAE70}.Release|iPhone.ActiveCfg = Release|Any CPU
		{325BEB05-A5B9-4E3F-A6C1-1F858B1AAE70}.Release|iPhone.Build.0 = Release|Any CPU
		{325BEB05-A5B9-4E3F-A6C1-1F858B1AAE70}.Release|iPhoneSimulator.ActiveCfg = Release|Any CPU
		{325BEB05-A5B9-4E3F-A6C1-1F858B1AAE70}.Release|iPhoneSimulator.Build.0 = Release|Any CPU
		{325BEB05-A5B9-4E3F-A6C1-1F858B1AAE70}.Release|x64.ActiveCfg = Release|Any CPU
		{325BEB05-A5B9-4E3F-A6C1-1F858B1AAE70}.Release|x64.Build.0 = Release|Any CPU
		{325BEB05-A5B9-4E3F-A6C1-1F858B1AAE70}.Release|x86.ActiveCfg = Release|Any CPU
		{325BEB05-A5B9-4E3F-A6C1-1F858B1AAE70}.Release|x86.Build.0 = Release|Any CPU
		{1BBD5430-599E-4CD5-8FE8-9D771CD8FBCD}.Ad-Hoc|Any CPU.ActiveCfg = Release|Any CPU
		{1BBD5430-599E-4CD5-8FE8-9D771CD8FBCD}.Ad-Hoc|Any CPU.Build.0 = Release|Any CPU
		{1BBD5430-599E-4CD5-8FE8-9D771CD8FBCD}.Ad-Hoc|ARM.ActiveCfg = Release|Any CPU
		{1BBD5430-599E-4CD5-8FE8-9D771CD8FBCD}.Ad-Hoc|ARM.Build.0 = Release|Any CPU
		{1BBD5430-599E-4CD5-8FE8-9D771CD8FBCD}.Ad-Hoc|iPhone.ActiveCfg = Release|Any CPU
		{1BBD5430-599E-4CD5-8FE8-9D771CD8FBCD}.Ad-Hoc|iPhone.Build.0 = Release|Any CPU
		{1BBD5430-599E-4CD5-8FE8-9D771CD8FBCD}.Ad-Hoc|iPhoneSimulator.ActiveCfg = Release|Any CPU
		{1BBD5430-599E-4CD5-8FE8-9D771CD8FBCD}.Ad-Hoc|iPhoneSimulator.Build.0 = Release|Any CPU
		{1BBD5430-599E-4CD5-8FE8-9D771CD8FBCD}.Ad-Hoc|x64.ActiveCfg = Release|Any CPU
		{1BBD5430-599E-4CD5-8FE8-9D771CD8FBCD}.Ad-Hoc|x64.Build.0 = Release|Any CPU
		{1BBD5430-599E-4CD5-8FE8-9D771CD8FBCD}.Ad-Hoc|x86.ActiveCfg = Release|Any CPU
		{1BBD5430-599E-4CD5-8FE8-9D771CD8FBCD}.Ad-Hoc|x86.Build.0 = Release|Any CPU
		{1BBD5430-599E-4CD5-8FE8-9D771CD8FBCD}.AppStore|Any CPU.ActiveCfg = Release|Any CPU
		{1BBD5430-599E-4CD5-8FE8-9D771CD8FBCD}.AppStore|Any CPU.Build.0 = Release|Any CPU
		{1BBD5430-599E-4CD5-8FE8-9D771CD8FBCD}.AppStore|ARM.ActiveCfg = Release|Any CPU
		{1BBD5430-599E-4CD5-8FE8-9D771CD8FBCD}.AppStore|ARM.Build.0 = Release|Any CPU
		{1BBD5430-599E-4CD5-8FE8-9D771CD8FBCD}.AppStore|iPhone.ActiveCfg = Release|Any CPU
		{1BBD5430-599E-4CD5-8FE8-9D771CD8FBCD}.AppStore|iPhone.Build.0 = Release|Any CPU
		{1BBD5430-599E-4CD5-8FE8-9D771CD8FBCD}.AppStore|iPhoneSimulator.ActiveCfg = Release|Any CPU
		{1BBD5430-599E-4CD5-8FE8-9D771CD8FBCD}.AppStore|iPhoneSimulator.Build.0 = Release|Any CPU
		{1BBD5430-599E-4CD5-8FE8-9D771CD8FBCD}.AppStore|x64.ActiveCfg = Release|Any CPU
		{1BBD5430-599E-4CD5-8FE8-9D771CD8FBCD}.AppStore|x64.Build.0 = Release|Any CPU
		{1BBD5430-599E-4CD5-8FE8-9D771CD8FBCD}.AppStore|x86.ActiveCfg = Release|Any CPU
		{1BBD5430-599E-4CD5-8FE8-9D771CD8FBCD}.AppStore|x86.Build.0 = Release|Any CPU
		{1BBD5430-599E-4CD5-8FE8-9D771CD8FBCD}.Debug|Any CPU.ActiveCfg = Debug|Any CPU
		{1BBD5430-599E-4CD5-8FE8-9D771CD8FBCD}.Debug|Any CPU.Build.0 = Debug|Any CPU
		{1BBD5430-599E-4CD5-8FE8-9D771CD8FBCD}.Debug|ARM.ActiveCfg = Debug|Any CPU
		{1BBD5430-599E-4CD5-8FE8-9D771CD8FBCD}.Debug|ARM.Build.0 = Debug|Any CPU
		{1BBD5430-599E-4CD5-8FE8-9D771CD8FBCD}.Debug|iPhone.ActiveCfg = Debug|Any CPU
		{1BBD5430-599E-4CD5-8FE8-9D771CD8FBCD}.Debug|iPhone.Build.0 = Debug|Any CPU
		{1BBD5430-599E-4CD5-8FE8-9D771CD8FBCD}.Debug|iPhoneSimulator.ActiveCfg = Debug|Any CPU
		{1BBD5430-599E-4CD5-8FE8-9D771CD8FBCD}.Debug|iPhoneSimulator.Build.0 = Debug|Any CPU
		{1BBD5430-599E-4CD5-8FE8-9D771CD8FBCD}.Debug|x64.ActiveCfg = Debug|Any CPU
		{1BBD5430-599E-4CD5-8FE8-9D771CD8FBCD}.Debug|x64.Build.0 = Debug|Any CPU
		{1BBD5430-599E-4CD5-8FE8-9D771CD8FBCD}.Debug|x86.ActiveCfg = Debug|Any CPU
		{1BBD5430-599E-4CD5-8FE8-9D771CD8FBCD}.Debug|x86.Build.0 = Debug|Any CPU
		{1BBD5430-599E-4CD5-8FE8-9D771CD8FBCD}.Release|Any CPU.ActiveCfg = Release|Any CPU
		{1BBD5430-599E-4CD5-8FE8-9D771CD8FBCD}.Release|Any CPU.Build.0 = Release|Any CPU
		{1BBD5430-599E-4CD5-8FE8-9D771CD8FBCD}.Release|ARM.ActiveCfg = Release|Any CPU
		{1BBD5430-599E-4CD5-8FE8-9D771CD8FBCD}.Release|ARM.Build.0 = Release|Any CPU
		{1BBD5430-599E-4CD5-8FE8-9D771CD8FBCD}.Release|iPhone.ActiveCfg = Release|Any CPU
		{1BBD5430-599E-4CD5-8FE8-9D771CD8FBCD}.Release|iPhone.Build.0 = Release|Any CPU
		{1BBD5430-599E-4CD5-8FE8-9D771CD8FBCD}.Release|iPhoneSimulator.ActiveCfg = Release|Any CPU
		{1BBD5430-599E-4CD5-8FE8-9D771CD8FBCD}.Release|iPhoneSimulator.Build.0 = Release|Any CPU
		{1BBD5430-599E-4CD5-8FE8-9D771CD8FBCD}.Release|x64.ActiveCfg = Release|Any CPU
		{1BBD5430-599E-4CD5-8FE8-9D771CD8FBCD}.Release|x64.Build.0 = Release|Any CPU
		{1BBD5430-599E-4CD5-8FE8-9D771CD8FBCD}.Release|x86.ActiveCfg = Release|Any CPU
		{1BBD5430-599E-4CD5-8FE8-9D771CD8FBCD}.Release|x86.Build.0 = Release|Any CPU
		{97732EC8-C778-4399-A29E-49181B3EB87E}.Ad-Hoc|Any CPU.ActiveCfg = Release|Any CPU
		{97732EC8-C778-4399-A29E-49181B3EB87E}.Ad-Hoc|Any CPU.Build.0 = Release|Any CPU
		{97732EC8-C778-4399-A29E-49181B3EB87E}.Ad-Hoc|ARM.ActiveCfg = Release|Any CPU
		{97732EC8-C778-4399-A29E-49181B3EB87E}.Ad-Hoc|ARM.Build.0 = Release|Any CPU
		{97732EC8-C778-4399-A29E-49181B3EB87E}.Ad-Hoc|iPhone.ActiveCfg = Release|Any CPU
		{97732EC8-C778-4399-A29E-49181B3EB87E}.Ad-Hoc|iPhone.Build.0 = Release|Any CPU
		{97732EC8-C778-4399-A29E-49181B3EB87E}.Ad-Hoc|iPhoneSimulator.ActiveCfg = Release|Any CPU
		{97732EC8-C778-4399-A29E-49181B3EB87E}.Ad-Hoc|iPhoneSimulator.Build.0 = Release|Any CPU
		{97732EC8-C778-4399-A29E-49181B3EB87E}.Ad-Hoc|x64.ActiveCfg = Release|Any CPU
		{97732EC8-C778-4399-A29E-49181B3EB87E}.Ad-Hoc|x64.Build.0 = Release|Any CPU
		{97732EC8-C778-4399-A29E-49181B3EB87E}.Ad-Hoc|x86.ActiveCfg = Release|Any CPU
		{97732EC8-C778-4399-A29E-49181B3EB87E}.Ad-Hoc|x86.Build.0 = Release|Any CPU
		{97732EC8-C778-4399-A29E-49181B3EB87E}.AppStore|Any CPU.ActiveCfg = Release|Any CPU
		{97732EC8-C778-4399-A29E-49181B3EB87E}.AppStore|Any CPU.Build.0 = Release|Any CPU
		{97732EC8-C778-4399-A29E-49181B3EB87E}.AppStore|ARM.ActiveCfg = Release|Any CPU
		{97732EC8-C778-4399-A29E-49181B3EB87E}.AppStore|ARM.Build.0 = Release|Any CPU
		{97732EC8-C778-4399-A29E-49181B3EB87E}.AppStore|iPhone.ActiveCfg = Release|Any CPU
		{97732EC8-C778-4399-A29E-49181B3EB87E}.AppStore|iPhone.Build.0 = Release|Any CPU
		{97732EC8-C778-4399-A29E-49181B3EB87E}.AppStore|iPhoneSimulator.ActiveCfg = Release|Any CPU
		{97732EC8-C778-4399-A29E-49181B3EB87E}.AppStore|iPhoneSimulator.Build.0 = Release|Any CPU
		{97732EC8-C778-4399-A29E-49181B3EB87E}.AppStore|x64.ActiveCfg = Release|Any CPU
		{97732EC8-C778-4399-A29E-49181B3EB87E}.AppStore|x64.Build.0 = Release|Any CPU
		{97732EC8-C778-4399-A29E-49181B3EB87E}.AppStore|x86.ActiveCfg = Release|Any CPU
		{97732EC8-C778-4399-A29E-49181B3EB87E}.AppStore|x86.Build.0 = Release|Any CPU
		{97732EC8-C778-4399-A29E-49181B3EB87E}.Debug|Any CPU.ActiveCfg = Debug|Any CPU
		{97732EC8-C778-4399-A29E-49181B3EB87E}.Debug|Any CPU.Build.0 = Debug|Any CPU
		{97732EC8-C778-4399-A29E-49181B3EB87E}.Debug|ARM.ActiveCfg = Debug|Any CPU
		{97732EC8-C778-4399-A29E-49181B3EB87E}.Debug|ARM.Build.0 = Debug|Any CPU
		{97732EC8-C778-4399-A29E-49181B3EB87E}.Debug|iPhone.ActiveCfg = Debug|Any CPU
		{97732EC8-C778-4399-A29E-49181B3EB87E}.Debug|iPhone.Build.0 = Debug|Any CPU
		{97732EC8-C778-4399-A29E-49181B3EB87E}.Debug|iPhoneSimulator.ActiveCfg = Debug|Any CPU
		{97732EC8-C778-4399-A29E-49181B3EB87E}.Debug|iPhoneSimulator.Build.0 = Debug|Any CPU
		{97732EC8-C778-4399-A29E-49181B3EB87E}.Debug|x64.ActiveCfg = Debug|Any CPU
		{97732EC8-C778-4399-A29E-49181B3EB87E}.Debug|x64.Build.0 = Debug|Any CPU
		{97732EC8-C778-4399-A29E-49181B3EB87E}.Debug|x86.ActiveCfg = Debug|Any CPU
		{97732EC8-C778-4399-A29E-49181B3EB87E}.Debug|x86.Build.0 = Debug|Any CPU
		{97732EC8-C778-4399-A29E-49181B3EB87E}.Release|Any CPU.ActiveCfg = Release|Any CPU
		{97732EC8-C778-4399-A29E-49181B3EB87E}.Release|Any CPU.Build.0 = Release|Any CPU
		{97732EC8-C778-4399-A29E-49181B3EB87E}.Release|ARM.ActiveCfg = Release|Any CPU
		{97732EC8-C778-4399-A29E-49181B3EB87E}.Release|ARM.Build.0 = Release|Any CPU
		{97732EC8-C778-4399-A29E-49181B3EB87E}.Release|iPhone.ActiveCfg = Release|Any CPU
		{97732EC8-C778-4399-A29E-49181B3EB87E}.Release|iPhone.Build.0 = Release|Any CPU
		{97732EC8-C778-4399-A29E-49181B3EB87E}.Release|iPhoneSimulator.ActiveCfg = Release|Any CPU
		{97732EC8-C778-4399-A29E-49181B3EB87E}.Release|iPhoneSimulator.Build.0 = Release|Any CPU
		{97732EC8-C778-4399-A29E-49181B3EB87E}.Release|x64.ActiveCfg = Release|Any CPU
		{97732EC8-C778-4399-A29E-49181B3EB87E}.Release|x64.Build.0 = Release|Any CPU
		{97732EC8-C778-4399-A29E-49181B3EB87E}.Release|x86.ActiveCfg = Release|Any CPU
		{97732EC8-C778-4399-A29E-49181B3EB87E}.Release|x86.Build.0 = Release|Any CPU
		{CB143BC4-C36C-4A0F-8AB2-81912363E2E5}.Ad-Hoc|Any CPU.ActiveCfg = Ad-Hoc|iPhone
		{CB143BC4-C36C-4A0F-8AB2-81912363E2E5}.Ad-Hoc|ARM.ActiveCfg = Ad-Hoc|iPhone
		{CB143BC4-C36C-4A0F-8AB2-81912363E2E5}.Ad-Hoc|iPhone.ActiveCfg = Ad-Hoc|iPhone
		{CB143BC4-C36C-4A0F-8AB2-81912363E2E5}.Ad-Hoc|iPhone.Build.0 = Ad-Hoc|iPhone
		{CB143BC4-C36C-4A0F-8AB2-81912363E2E5}.Ad-Hoc|iPhoneSimulator.ActiveCfg = Ad-Hoc|iPhoneSimulator
		{CB143BC4-C36C-4A0F-8AB2-81912363E2E5}.Ad-Hoc|iPhoneSimulator.Build.0 = Ad-Hoc|iPhoneSimulator
		{CB143BC4-C36C-4A0F-8AB2-81912363E2E5}.Ad-Hoc|x64.ActiveCfg = Ad-Hoc|iPhone
		{CB143BC4-C36C-4A0F-8AB2-81912363E2E5}.Ad-Hoc|x86.ActiveCfg = Ad-Hoc|iPhone
		{CB143BC4-C36C-4A0F-8AB2-81912363E2E5}.AppStore|Any CPU.ActiveCfg = AppStore|iPhone
		{CB143BC4-C36C-4A0F-8AB2-81912363E2E5}.AppStore|ARM.ActiveCfg = AppStore|iPhone
		{CB143BC4-C36C-4A0F-8AB2-81912363E2E5}.AppStore|iPhone.ActiveCfg = AppStore|iPhone
		{CB143BC4-C36C-4A0F-8AB2-81912363E2E5}.AppStore|iPhone.Build.0 = AppStore|iPhone
		{CB143BC4-C36C-4A0F-8AB2-81912363E2E5}.AppStore|iPhoneSimulator.ActiveCfg = AppStore|iPhoneSimulator
		{CB143BC4-C36C-4A0F-8AB2-81912363E2E5}.AppStore|iPhoneSimulator.Build.0 = AppStore|iPhoneSimulator
		{CB143BC4-C36C-4A0F-8AB2-81912363E2E5}.AppStore|x64.ActiveCfg = AppStore|iPhone
		{CB143BC4-C36C-4A0F-8AB2-81912363E2E5}.AppStore|x86.ActiveCfg = AppStore|iPhone
		{CB143BC4-C36C-4A0F-8AB2-81912363E2E5}.Debug|Any CPU.ActiveCfg = Debug|iPhone
		{CB143BC4-C36C-4A0F-8AB2-81912363E2E5}.Debug|ARM.ActiveCfg = Debug|iPhone
		{CB143BC4-C36C-4A0F-8AB2-81912363E2E5}.Debug|iPhone.ActiveCfg = Debug|iPhone
		{CB143BC4-C36C-4A0F-8AB2-81912363E2E5}.Debug|iPhone.Build.0 = Debug|iPhone
		{CB143BC4-C36C-4A0F-8AB2-81912363E2E5}.Debug|iPhoneSimulator.ActiveCfg = Debug|iPhoneSimulator
		{CB143BC4-C36C-4A0F-8AB2-81912363E2E5}.Debug|iPhoneSimulator.Build.0 = Debug|iPhoneSimulator
		{CB143BC4-C36C-4A0F-8AB2-81912363E2E5}.Debug|x64.ActiveCfg = Debug|iPhone
		{CB143BC4-C36C-4A0F-8AB2-81912363E2E5}.Debug|x86.ActiveCfg = Debug|iPhone
		{CB143BC4-C36C-4A0F-8AB2-81912363E2E5}.Release|Any CPU.ActiveCfg = Release|iPhone
		{CB143BC4-C36C-4A0F-8AB2-81912363E2E5}.Release|ARM.ActiveCfg = Release|iPhone
		{CB143BC4-C36C-4A0F-8AB2-81912363E2E5}.Release|iPhone.ActiveCfg = Release|iPhone
		{CB143BC4-C36C-4A0F-8AB2-81912363E2E5}.Release|iPhone.Build.0 = Release|iPhone
		{CB143BC4-C36C-4A0F-8AB2-81912363E2E5}.Release|iPhoneSimulator.ActiveCfg = Release|iPhoneSimulator
		{CB143BC4-C36C-4A0F-8AB2-81912363E2E5}.Release|iPhoneSimulator.Build.0 = Release|iPhoneSimulator
		{CB143BC4-C36C-4A0F-8AB2-81912363E2E5}.Release|x64.ActiveCfg = Release|iPhone
		{CB143BC4-C36C-4A0F-8AB2-81912363E2E5}.Release|x86.ActiveCfg = Release|iPhone
		{FED82D27-B286-43F9-8C6C-9A8B295DABF1}.Ad-Hoc|Any CPU.ActiveCfg = Debug|Any CPU
		{FED82D27-B286-43F9-8C6C-9A8B295DABF1}.Ad-Hoc|Any CPU.Build.0 = Debug|Any CPU
		{FED82D27-B286-43F9-8C6C-9A8B295DABF1}.Ad-Hoc|ARM.ActiveCfg = Debug|Any CPU
		{FED82D27-B286-43F9-8C6C-9A8B295DABF1}.Ad-Hoc|ARM.Build.0 = Debug|Any CPU
		{FED82D27-B286-43F9-8C6C-9A8B295DABF1}.Ad-Hoc|iPhone.ActiveCfg = Debug|Any CPU
		{FED82D27-B286-43F9-8C6C-9A8B295DABF1}.Ad-Hoc|iPhone.Build.0 = Debug|Any CPU
		{FED82D27-B286-43F9-8C6C-9A8B295DABF1}.Ad-Hoc|iPhoneSimulator.ActiveCfg = Debug|Any CPU
		{FED82D27-B286-43F9-8C6C-9A8B295DABF1}.Ad-Hoc|iPhoneSimulator.Build.0 = Debug|Any CPU
		{FED82D27-B286-43F9-8C6C-9A8B295DABF1}.Ad-Hoc|x64.ActiveCfg = Debug|Any CPU
		{FED82D27-B286-43F9-8C6C-9A8B295DABF1}.Ad-Hoc|x64.Build.0 = Debug|Any CPU
		{FED82D27-B286-43F9-8C6C-9A8B295DABF1}.Ad-Hoc|x86.ActiveCfg = Debug|Any CPU
		{FED82D27-B286-43F9-8C6C-9A8B295DABF1}.Ad-Hoc|x86.Build.0 = Debug|Any CPU
		{FED82D27-B286-43F9-8C6C-9A8B295DABF1}.AppStore|Any CPU.ActiveCfg = Debug|Any CPU
		{FED82D27-B286-43F9-8C6C-9A8B295DABF1}.AppStore|Any CPU.Build.0 = Debug|Any CPU
		{FED82D27-B286-43F9-8C6C-9A8B295DABF1}.AppStore|ARM.ActiveCfg = Debug|Any CPU
		{FED82D27-B286-43F9-8C6C-9A8B295DABF1}.AppStore|ARM.Build.0 = Debug|Any CPU
		{FED82D27-B286-43F9-8C6C-9A8B295DABF1}.AppStore|iPhone.ActiveCfg = Debug|Any CPU
		{FED82D27-B286-43F9-8C6C-9A8B295DABF1}.AppStore|iPhone.Build.0 = Debug|Any CPU
		{FED82D27-B286-43F9-8C6C-9A8B295DABF1}.AppStore|iPhoneSimulator.ActiveCfg = Debug|Any CPU
		{FED82D27-B286-43F9-8C6C-9A8B295DABF1}.AppStore|iPhoneSimulator.Build.0 = Debug|Any CPU
		{FED82D27-B286-43F9-8C6C-9A8B295DABF1}.AppStore|x64.ActiveCfg = Debug|Any CPU
		{FED82D27-B286-43F9-8C6C-9A8B295DABF1}.AppStore|x64.Build.0 = Debug|Any CPU
		{FED82D27-B286-43F9-8C6C-9A8B295DABF1}.AppStore|x86.ActiveCfg = Debug|Any CPU
		{FED82D27-B286-43F9-8C6C-9A8B295DABF1}.AppStore|x86.Build.0 = Debug|Any CPU
		{FED82D27-B286-43F9-8C6C-9A8B295DABF1}.Debug|Any CPU.ActiveCfg = Debug|Any CPU
		{FED82D27-B286-43F9-8C6C-9A8B295DABF1}.Debug|Any CPU.Build.0 = Debug|Any CPU
		{FED82D27-B286-43F9-8C6C-9A8B295DABF1}.Debug|ARM.ActiveCfg = Debug|Any CPU
		{FED82D27-B286-43F9-8C6C-9A8B295DABF1}.Debug|ARM.Build.0 = Debug|Any CPU
		{FED82D27-B286-43F9-8C6C-9A8B295DABF1}.Debug|iPhone.ActiveCfg = Debug|Any CPU
		{FED82D27-B286-43F9-8C6C-9A8B295DABF1}.Debug|iPhone.Build.0 = Debug|Any CPU
		{FED82D27-B286-43F9-8C6C-9A8B295DABF1}.Debug|iPhoneSimulator.ActiveCfg = Debug|Any CPU
		{FED82D27-B286-43F9-8C6C-9A8B295DABF1}.Debug|iPhoneSimulator.Build.0 = Debug|Any CPU
		{FED82D27-B286-43F9-8C6C-9A8B295DABF1}.Debug|x64.ActiveCfg = Debug|Any CPU
		{FED82D27-B286-43F9-8C6C-9A8B295DABF1}.Debug|x64.Build.0 = Debug|Any CPU
		{FED82D27-B286-43F9-8C6C-9A8B295DABF1}.Debug|x86.ActiveCfg = Debug|Any CPU
		{FED82D27-B286-43F9-8C6C-9A8B295DABF1}.Debug|x86.Build.0 = Debug|Any CPU
		{FED82D27-B286-43F9-8C6C-9A8B295DABF1}.Release|Any CPU.ActiveCfg = Release|Any CPU
		{FED82D27-B286-43F9-8C6C-9A8B295DABF1}.Release|Any CPU.Build.0 = Release|Any CPU
		{FED82D27-B286-43F9-8C6C-9A8B295DABF1}.Release|ARM.ActiveCfg = Release|Any CPU
		{FED82D27-B286-43F9-8C6C-9A8B295DABF1}.Release|ARM.Build.0 = Release|Any CPU
		{FED82D27-B286-43F9-8C6C-9A8B295DABF1}.Release|iPhone.ActiveCfg = Release|Any CPU
		{FED82D27-B286-43F9-8C6C-9A8B295DABF1}.Release|iPhone.Build.0 = Release|Any CPU
		{FED82D27-B286-43F9-8C6C-9A8B295DABF1}.Release|iPhoneSimulator.ActiveCfg = Release|Any CPU
		{FED82D27-B286-43F9-8C6C-9A8B295DABF1}.Release|iPhoneSimulator.Build.0 = Release|Any CPU
		{FED82D27-B286-43F9-8C6C-9A8B295DABF1}.Release|x64.ActiveCfg = Release|Any CPU
		{FED82D27-B286-43F9-8C6C-9A8B295DABF1}.Release|x64.Build.0 = Release|Any CPU
		{FED82D27-B286-43F9-8C6C-9A8B295DABF1}.Release|x86.ActiveCfg = Release|Any CPU
		{FED82D27-B286-43F9-8C6C-9A8B295DABF1}.Release|x86.Build.0 = Release|Any CPU
		{8EFED08B-B68B-494B-BA23-699B392BFDDA}.Ad-Hoc|Any CPU.ActiveCfg = Release|Any CPU
		{8EFED08B-B68B-494B-BA23-699B392BFDDA}.Ad-Hoc|Any CPU.Build.0 = Release|Any CPU
		{8EFED08B-B68B-494B-BA23-699B392BFDDA}.Ad-Hoc|Any CPU.Deploy.0 = Release|Any CPU
		{8EFED08B-B68B-494B-BA23-699B392BFDDA}.Ad-Hoc|ARM.ActiveCfg = Release|Any CPU
		{8EFED08B-B68B-494B-BA23-699B392BFDDA}.Ad-Hoc|ARM.Build.0 = Release|Any CPU
		{8EFED08B-B68B-494B-BA23-699B392BFDDA}.Ad-Hoc|ARM.Deploy.0 = Release|Any CPU
		{8EFED08B-B68B-494B-BA23-699B392BFDDA}.Ad-Hoc|iPhone.ActiveCfg = Release|Any CPU
		{8EFED08B-B68B-494B-BA23-699B392BFDDA}.Ad-Hoc|iPhone.Build.0 = Release|Any CPU
		{8EFED08B-B68B-494B-BA23-699B392BFDDA}.Ad-Hoc|iPhone.Deploy.0 = Release|Any CPU
		{8EFED08B-B68B-494B-BA23-699B392BFDDA}.Ad-Hoc|iPhoneSimulator.ActiveCfg = Release|Any CPU
		{8EFED08B-B68B-494B-BA23-699B392BFDDA}.Ad-Hoc|iPhoneSimulator.Build.0 = Release|Any CPU
		{8EFED08B-B68B-494B-BA23-699B392BFDDA}.Ad-Hoc|iPhoneSimulator.Deploy.0 = Release|Any CPU
		{8EFED08B-B68B-494B-BA23-699B392BFDDA}.Ad-Hoc|x64.ActiveCfg = Release|Any CPU
		{8EFED08B-B68B-494B-BA23-699B392BFDDA}.Ad-Hoc|x64.Build.0 = Release|Any CPU
		{8EFED08B-B68B-494B-BA23-699B392BFDDA}.Ad-Hoc|x64.Deploy.0 = Release|Any CPU
		{8EFED08B-B68B-494B-BA23-699B392BFDDA}.Ad-Hoc|x86.ActiveCfg = Release|Any CPU
		{8EFED08B-B68B-494B-BA23-699B392BFDDA}.Ad-Hoc|x86.Build.0 = Release|Any CPU
		{8EFED08B-B68B-494B-BA23-699B392BFDDA}.Ad-Hoc|x86.Deploy.0 = Release|Any CPU
		{8EFED08B-B68B-494B-BA23-699B392BFDDA}.AppStore|Any CPU.ActiveCfg = Release|Any CPU
		{8EFED08B-B68B-494B-BA23-699B392BFDDA}.AppStore|Any CPU.Build.0 = Release|Any CPU
		{8EFED08B-B68B-494B-BA23-699B392BFDDA}.AppStore|Any CPU.Deploy.0 = Release|Any CPU
		{8EFED08B-B68B-494B-BA23-699B392BFDDA}.AppStore|ARM.ActiveCfg = Release|Any CPU
		{8EFED08B-B68B-494B-BA23-699B392BFDDA}.AppStore|ARM.Build.0 = Release|Any CPU
		{8EFED08B-B68B-494B-BA23-699B392BFDDA}.AppStore|ARM.Deploy.0 = Release|Any CPU
		{8EFED08B-B68B-494B-BA23-699B392BFDDA}.AppStore|iPhone.ActiveCfg = Release|Any CPU
		{8EFED08B-B68B-494B-BA23-699B392BFDDA}.AppStore|iPhone.Build.0 = Release|Any CPU
		{8EFED08B-B68B-494B-BA23-699B392BFDDA}.AppStore|iPhone.Deploy.0 = Release|Any CPU
		{8EFED08B-B68B-494B-BA23-699B392BFDDA}.AppStore|iPhoneSimulator.ActiveCfg = Release|Any CPU
		{8EFED08B-B68B-494B-BA23-699B392BFDDA}.AppStore|iPhoneSimulator.Build.0 = Release|Any CPU
		{8EFED08B-B68B-494B-BA23-699B392BFDDA}.AppStore|iPhoneSimulator.Deploy.0 = Release|Any CPU
		{8EFED08B-B68B-494B-BA23-699B392BFDDA}.AppStore|x64.ActiveCfg = Release|Any CPU
		{8EFED08B-B68B-494B-BA23-699B392BFDDA}.AppStore|x64.Build.0 = Release|Any CPU
		{8EFED08B-B68B-494B-BA23-699B392BFDDA}.AppStore|x64.Deploy.0 = Release|Any CPU
		{8EFED08B-B68B-494B-BA23-699B392BFDDA}.AppStore|x86.ActiveCfg = Release|Any CPU
		{8EFED08B-B68B-494B-BA23-699B392BFDDA}.AppStore|x86.Build.0 = Release|Any CPU
		{8EFED08B-B68B-494B-BA23-699B392BFDDA}.AppStore|x86.Deploy.0 = Release|Any CPU
		{8EFED08B-B68B-494B-BA23-699B392BFDDA}.Debug|Any CPU.ActiveCfg = Debug|Any CPU
		{8EFED08B-B68B-494B-BA23-699B392BFDDA}.Debug|Any CPU.Build.0 = Debug|Any CPU
		{8EFED08B-B68B-494B-BA23-699B392BFDDA}.Debug|Any CPU.Deploy.0 = Debug|Any CPU
		{8EFED08B-B68B-494B-BA23-699B392BFDDA}.Debug|ARM.ActiveCfg = Debug|Any CPU
		{8EFED08B-B68B-494B-BA23-699B392BFDDA}.Debug|ARM.Build.0 = Debug|Any CPU
		{8EFED08B-B68B-494B-BA23-699B392BFDDA}.Debug|ARM.Deploy.0 = Debug|Any CPU
		{8EFED08B-B68B-494B-BA23-699B392BFDDA}.Debug|iPhone.ActiveCfg = Debug|Any CPU
		{8EFED08B-B68B-494B-BA23-699B392BFDDA}.Debug|iPhone.Build.0 = Debug|Any CPU
		{8EFED08B-B68B-494B-BA23-699B392BFDDA}.Debug|iPhone.Deploy.0 = Debug|Any CPU
		{8EFED08B-B68B-494B-BA23-699B392BFDDA}.Debug|iPhoneSimulator.ActiveCfg = Debug|Any CPU
		{8EFED08B-B68B-494B-BA23-699B392BFDDA}.Debug|iPhoneSimulator.Build.0 = Debug|Any CPU
		{8EFED08B-B68B-494B-BA23-699B392BFDDA}.Debug|iPhoneSimulator.Deploy.0 = Debug|Any CPU
		{8EFED08B-B68B-494B-BA23-699B392BFDDA}.Debug|x64.ActiveCfg = Debug|Any CPU
		{8EFED08B-B68B-494B-BA23-699B392BFDDA}.Debug|x64.Build.0 = Debug|Any CPU
		{8EFED08B-B68B-494B-BA23-699B392BFDDA}.Debug|x64.Deploy.0 = Debug|Any CPU
		{8EFED08B-B68B-494B-BA23-699B392BFDDA}.Debug|x86.ActiveCfg = Debug|Any CPU
		{8EFED08B-B68B-494B-BA23-699B392BFDDA}.Debug|x86.Build.0 = Debug|Any CPU
		{8EFED08B-B68B-494B-BA23-699B392BFDDA}.Debug|x86.Deploy.0 = Debug|Any CPU
		{8EFED08B-B68B-494B-BA23-699B392BFDDA}.Release|Any CPU.ActiveCfg = Release|Any CPU
		{8EFED08B-B68B-494B-BA23-699B392BFDDA}.Release|Any CPU.Build.0 = Release|Any CPU
		{8EFED08B-B68B-494B-BA23-699B392BFDDA}.Release|Any CPU.Deploy.0 = Release|Any CPU
		{8EFED08B-B68B-494B-BA23-699B392BFDDA}.Release|ARM.ActiveCfg = Release|Any CPU
		{8EFED08B-B68B-494B-BA23-699B392BFDDA}.Release|ARM.Build.0 = Release|Any CPU
		{8EFED08B-B68B-494B-BA23-699B392BFDDA}.Release|ARM.Deploy.0 = Release|Any CPU
		{8EFED08B-B68B-494B-BA23-699B392BFDDA}.Release|iPhone.ActiveCfg = Release|Any CPU
		{8EFED08B-B68B-494B-BA23-699B392BFDDA}.Release|iPhone.Build.0 = Release|Any CPU
		{8EFED08B-B68B-494B-BA23-699B392BFDDA}.Release|iPhone.Deploy.0 = Release|Any CPU
		{8EFED08B-B68B-494B-BA23-699B392BFDDA}.Release|iPhoneSimulator.ActiveCfg = Release|Any CPU
		{8EFED08B-B68B-494B-BA23-699B392BFDDA}.Release|iPhoneSimulator.Build.0 = Release|Any CPU
		{8EFED08B-B68B-494B-BA23-699B392BFDDA}.Release|iPhoneSimulator.Deploy.0 = Release|Any CPU
		{8EFED08B-B68B-494B-BA23-699B392BFDDA}.Release|x64.ActiveCfg = Release|Any CPU
		{8EFED08B-B68B-494B-BA23-699B392BFDDA}.Release|x64.Build.0 = Release|Any CPU
		{8EFED08B-B68B-494B-BA23-699B392BFDDA}.Release|x64.Deploy.0 = Release|Any CPU
		{8EFED08B-B68B-494B-BA23-699B392BFDDA}.Release|x86.ActiveCfg = Release|Any CPU
		{8EFED08B-B68B-494B-BA23-699B392BFDDA}.Release|x86.Build.0 = Release|Any CPU
		{8EFED08B-B68B-494B-BA23-699B392BFDDA}.Release|x86.Deploy.0 = Release|Any CPU
		{600836F2-3D48-498E-86CC-4AA2A1AAF8D5}.Ad-Hoc|Any CPU.ActiveCfg = Debug|Any CPU
		{600836F2-3D48-498E-86CC-4AA2A1AAF8D5}.Ad-Hoc|Any CPU.Build.0 = Debug|Any CPU
		{600836F2-3D48-498E-86CC-4AA2A1AAF8D5}.Ad-Hoc|ARM.ActiveCfg = Debug|Any CPU
		{600836F2-3D48-498E-86CC-4AA2A1AAF8D5}.Ad-Hoc|ARM.Build.0 = Debug|Any CPU
		{600836F2-3D48-498E-86CC-4AA2A1AAF8D5}.Ad-Hoc|iPhone.ActiveCfg = Debug|Any CPU
		{600836F2-3D48-498E-86CC-4AA2A1AAF8D5}.Ad-Hoc|iPhone.Build.0 = Debug|Any CPU
		{600836F2-3D48-498E-86CC-4AA2A1AAF8D5}.Ad-Hoc|iPhoneSimulator.ActiveCfg = Debug|Any CPU
		{600836F2-3D48-498E-86CC-4AA2A1AAF8D5}.Ad-Hoc|iPhoneSimulator.Build.0 = Debug|Any CPU
		{600836F2-3D48-498E-86CC-4AA2A1AAF8D5}.Ad-Hoc|x64.ActiveCfg = Debug|Any CPU
		{600836F2-3D48-498E-86CC-4AA2A1AAF8D5}.Ad-Hoc|x64.Build.0 = Debug|Any CPU
		{600836F2-3D48-498E-86CC-4AA2A1AAF8D5}.Ad-Hoc|x86.ActiveCfg = Debug|Any CPU
		{600836F2-3D48-498E-86CC-4AA2A1AAF8D5}.Ad-Hoc|x86.Build.0 = Debug|Any CPU
		{600836F2-3D48-498E-86CC-4AA2A1AAF8D5}.AppStore|Any CPU.ActiveCfg = Debug|Any CPU
		{600836F2-3D48-498E-86CC-4AA2A1AAF8D5}.AppStore|Any CPU.Build.0 = Debug|Any CPU
		{600836F2-3D48-498E-86CC-4AA2A1AAF8D5}.AppStore|ARM.ActiveCfg = Debug|Any CPU
		{600836F2-3D48-498E-86CC-4AA2A1AAF8D5}.AppStore|ARM.Build.0 = Debug|Any CPU
		{600836F2-3D48-498E-86CC-4AA2A1AAF8D5}.AppStore|iPhone.ActiveCfg = Debug|Any CPU
		{600836F2-3D48-498E-86CC-4AA2A1AAF8D5}.AppStore|iPhone.Build.0 = Debug|Any CPU
		{600836F2-3D48-498E-86CC-4AA2A1AAF8D5}.AppStore|iPhoneSimulator.ActiveCfg = Debug|Any CPU
		{600836F2-3D48-498E-86CC-4AA2A1AAF8D5}.AppStore|iPhoneSimulator.Build.0 = Debug|Any CPU
		{600836F2-3D48-498E-86CC-4AA2A1AAF8D5}.AppStore|x64.ActiveCfg = Debug|Any CPU
		{600836F2-3D48-498E-86CC-4AA2A1AAF8D5}.AppStore|x64.Build.0 = Debug|Any CPU
		{600836F2-3D48-498E-86CC-4AA2A1AAF8D5}.AppStore|x86.ActiveCfg = Debug|Any CPU
		{600836F2-3D48-498E-86CC-4AA2A1AAF8D5}.AppStore|x86.Build.0 = Debug|Any CPU
		{600836F2-3D48-498E-86CC-4AA2A1AAF8D5}.Debug|Any CPU.ActiveCfg = Debug|Any CPU
		{600836F2-3D48-498E-86CC-4AA2A1AAF8D5}.Debug|Any CPU.Build.0 = Debug|Any CPU
		{600836F2-3D48-498E-86CC-4AA2A1AAF8D5}.Debug|ARM.ActiveCfg = Debug|Any CPU
		{600836F2-3D48-498E-86CC-4AA2A1AAF8D5}.Debug|ARM.Build.0 = Debug|Any CPU
		{600836F2-3D48-498E-86CC-4AA2A1AAF8D5}.Debug|iPhone.ActiveCfg = Debug|Any CPU
		{600836F2-3D48-498E-86CC-4AA2A1AAF8D5}.Debug|iPhone.Build.0 = Debug|Any CPU
		{600836F2-3D48-498E-86CC-4AA2A1AAF8D5}.Debug|iPhoneSimulator.ActiveCfg = Debug|Any CPU
		{600836F2-3D48-498E-86CC-4AA2A1AAF8D5}.Debug|iPhoneSimulator.Build.0 = Debug|Any CPU
		{600836F2-3D48-498E-86CC-4AA2A1AAF8D5}.Debug|x64.ActiveCfg = Debug|Any CPU
		{600836F2-3D48-498E-86CC-4AA2A1AAF8D5}.Debug|x64.Build.0 = Debug|Any CPU
		{600836F2-3D48-498E-86CC-4AA2A1AAF8D5}.Debug|x86.ActiveCfg = Debug|Any CPU
		{600836F2-3D48-498E-86CC-4AA2A1AAF8D5}.Debug|x86.Build.0 = Debug|Any CPU
		{600836F2-3D48-498E-86CC-4AA2A1AAF8D5}.Release|Any CPU.ActiveCfg = Release|Any CPU
		{600836F2-3D48-498E-86CC-4AA2A1AAF8D5}.Release|Any CPU.Build.0 = Release|Any CPU
		{600836F2-3D48-498E-86CC-4AA2A1AAF8D5}.Release|ARM.ActiveCfg = Release|Any CPU
		{600836F2-3D48-498E-86CC-4AA2A1AAF8D5}.Release|ARM.Build.0 = Release|Any CPU
		{600836F2-3D48-498E-86CC-4AA2A1AAF8D5}.Release|iPhone.ActiveCfg = Release|Any CPU
		{600836F2-3D48-498E-86CC-4AA2A1AAF8D5}.Release|iPhone.Build.0 = Release|Any CPU
		{600836F2-3D48-498E-86CC-4AA2A1AAF8D5}.Release|iPhoneSimulator.ActiveCfg = Release|Any CPU
		{600836F2-3D48-498E-86CC-4AA2A1AAF8D5}.Release|iPhoneSimulator.Build.0 = Release|Any CPU
		{600836F2-3D48-498E-86CC-4AA2A1AAF8D5}.Release|x64.ActiveCfg = Release|Any CPU
		{600836F2-3D48-498E-86CC-4AA2A1AAF8D5}.Release|x64.Build.0 = Release|Any CPU
		{600836F2-3D48-498E-86CC-4AA2A1AAF8D5}.Release|x86.ActiveCfg = Release|Any CPU
		{600836F2-3D48-498E-86CC-4AA2A1AAF8D5}.Release|x86.Build.0 = Release|Any CPU
		{1D474AE0-259D-4200-A78F-10FDB6935FF4}.Ad-Hoc|Any CPU.ActiveCfg = Release|Any CPU
		{1D474AE0-259D-4200-A78F-10FDB6935FF4}.Ad-Hoc|Any CPU.Build.0 = Release|Any CPU
		{1D474AE0-259D-4200-A78F-10FDB6935FF4}.Ad-Hoc|Any CPU.Deploy.0 = Release|Any CPU
		{1D474AE0-259D-4200-A78F-10FDB6935FF4}.Ad-Hoc|ARM.ActiveCfg = Release|Any CPU
		{1D474AE0-259D-4200-A78F-10FDB6935FF4}.Ad-Hoc|ARM.Build.0 = Release|Any CPU
		{1D474AE0-259D-4200-A78F-10FDB6935FF4}.Ad-Hoc|ARM.Deploy.0 = Release|Any CPU
		{1D474AE0-259D-4200-A78F-10FDB6935FF4}.Ad-Hoc|iPhone.ActiveCfg = Release|Any CPU
		{1D474AE0-259D-4200-A78F-10FDB6935FF4}.Ad-Hoc|iPhone.Build.0 = Release|Any CPU
		{1D474AE0-259D-4200-A78F-10FDB6935FF4}.Ad-Hoc|iPhone.Deploy.0 = Release|Any CPU
		{1D474AE0-259D-4200-A78F-10FDB6935FF4}.Ad-Hoc|iPhoneSimulator.ActiveCfg = Release|Any CPU
		{1D474AE0-259D-4200-A78F-10FDB6935FF4}.Ad-Hoc|iPhoneSimulator.Build.0 = Release|Any CPU
		{1D474AE0-259D-4200-A78F-10FDB6935FF4}.Ad-Hoc|iPhoneSimulator.Deploy.0 = Release|Any CPU
		{1D474AE0-259D-4200-A78F-10FDB6935FF4}.Ad-Hoc|x64.ActiveCfg = Release|Any CPU
		{1D474AE0-259D-4200-A78F-10FDB6935FF4}.Ad-Hoc|x64.Build.0 = Release|Any CPU
		{1D474AE0-259D-4200-A78F-10FDB6935FF4}.Ad-Hoc|x64.Deploy.0 = Release|Any CPU
		{1D474AE0-259D-4200-A78F-10FDB6935FF4}.Ad-Hoc|x86.ActiveCfg = Release|Any CPU
		{1D474AE0-259D-4200-A78F-10FDB6935FF4}.Ad-Hoc|x86.Build.0 = Release|Any CPU
		{1D474AE0-259D-4200-A78F-10FDB6935FF4}.Ad-Hoc|x86.Deploy.0 = Release|Any CPU
		{1D474AE0-259D-4200-A78F-10FDB6935FF4}.AppStore|Any CPU.ActiveCfg = Release|Any CPU
		{1D474AE0-259D-4200-A78F-10FDB6935FF4}.AppStore|Any CPU.Build.0 = Release|Any CPU
		{1D474AE0-259D-4200-A78F-10FDB6935FF4}.AppStore|Any CPU.Deploy.0 = Release|Any CPU
		{1D474AE0-259D-4200-A78F-10FDB6935FF4}.AppStore|ARM.ActiveCfg = Release|Any CPU
		{1D474AE0-259D-4200-A78F-10FDB6935FF4}.AppStore|ARM.Build.0 = Release|Any CPU
		{1D474AE0-259D-4200-A78F-10FDB6935FF4}.AppStore|ARM.Deploy.0 = Release|Any CPU
		{1D474AE0-259D-4200-A78F-10FDB6935FF4}.AppStore|iPhone.ActiveCfg = Release|Any CPU
		{1D474AE0-259D-4200-A78F-10FDB6935FF4}.AppStore|iPhone.Build.0 = Release|Any CPU
		{1D474AE0-259D-4200-A78F-10FDB6935FF4}.AppStore|iPhone.Deploy.0 = Release|Any CPU
		{1D474AE0-259D-4200-A78F-10FDB6935FF4}.AppStore|iPhoneSimulator.ActiveCfg = Release|Any CPU
		{1D474AE0-259D-4200-A78F-10FDB6935FF4}.AppStore|iPhoneSimulator.Build.0 = Release|Any CPU
		{1D474AE0-259D-4200-A78F-10FDB6935FF4}.AppStore|iPhoneSimulator.Deploy.0 = Release|Any CPU
		{1D474AE0-259D-4200-A78F-10FDB6935FF4}.AppStore|x64.ActiveCfg = Release|Any CPU
		{1D474AE0-259D-4200-A78F-10FDB6935FF4}.AppStore|x64.Build.0 = Release|Any CPU
		{1D474AE0-259D-4200-A78F-10FDB6935FF4}.AppStore|x64.Deploy.0 = Release|Any CPU
		{1D474AE0-259D-4200-A78F-10FDB6935FF4}.AppStore|x86.ActiveCfg = Release|Any CPU
		{1D474AE0-259D-4200-A78F-10FDB6935FF4}.AppStore|x86.Build.0 = Release|Any CPU
		{1D474AE0-259D-4200-A78F-10FDB6935FF4}.AppStore|x86.Deploy.0 = Release|Any CPU
		{1D474AE0-259D-4200-A78F-10FDB6935FF4}.Debug|Any CPU.ActiveCfg = Debug|Any CPU
		{1D474AE0-259D-4200-A78F-10FDB6935FF4}.Debug|Any CPU.Build.0 = Debug|Any CPU
		{1D474AE0-259D-4200-A78F-10FDB6935FF4}.Debug|Any CPU.Deploy.0 = Debug|Any CPU
		{1D474AE0-259D-4200-A78F-10FDB6935FF4}.Debug|ARM.ActiveCfg = Debug|Any CPU
		{1D474AE0-259D-4200-A78F-10FDB6935FF4}.Debug|ARM.Build.0 = Debug|Any CPU
		{1D474AE0-259D-4200-A78F-10FDB6935FF4}.Debug|ARM.Deploy.0 = Debug|Any CPU
		{1D474AE0-259D-4200-A78F-10FDB6935FF4}.Debug|iPhone.ActiveCfg = Debug|Any CPU
		{1D474AE0-259D-4200-A78F-10FDB6935FF4}.Debug|iPhone.Build.0 = Debug|Any CPU
		{1D474AE0-259D-4200-A78F-10FDB6935FF4}.Debug|iPhone.Deploy.0 = Debug|Any CPU
		{1D474AE0-259D-4200-A78F-10FDB6935FF4}.Debug|iPhoneSimulator.ActiveCfg = Debug|Any CPU
		{1D474AE0-259D-4200-A78F-10FDB6935FF4}.Debug|iPhoneSimulator.Build.0 = Debug|Any CPU
		{1D474AE0-259D-4200-A78F-10FDB6935FF4}.Debug|iPhoneSimulator.Deploy.0 = Debug|Any CPU
		{1D474AE0-259D-4200-A78F-10FDB6935FF4}.Debug|x64.ActiveCfg = Debug|Any CPU
		{1D474AE0-259D-4200-A78F-10FDB6935FF4}.Debug|x64.Build.0 = Debug|Any CPU
		{1D474AE0-259D-4200-A78F-10FDB6935FF4}.Debug|x64.Deploy.0 = Debug|Any CPU
		{1D474AE0-259D-4200-A78F-10FDB6935FF4}.Debug|x86.ActiveCfg = Debug|Any CPU
		{1D474AE0-259D-4200-A78F-10FDB6935FF4}.Debug|x86.Build.0 = Debug|Any CPU
		{1D474AE0-259D-4200-A78F-10FDB6935FF4}.Debug|x86.Deploy.0 = Debug|Any CPU
		{1D474AE0-259D-4200-A78F-10FDB6935FF4}.Release|Any CPU.ActiveCfg = Release|Any CPU
		{1D474AE0-259D-4200-A78F-10FDB6935FF4}.Release|Any CPU.Build.0 = Release|Any CPU
		{1D474AE0-259D-4200-A78F-10FDB6935FF4}.Release|Any CPU.Deploy.0 = Release|Any CPU
		{1D474AE0-259D-4200-A78F-10FDB6935FF4}.Release|ARM.ActiveCfg = Release|Any CPU
		{1D474AE0-259D-4200-A78F-10FDB6935FF4}.Release|ARM.Build.0 = Release|Any CPU
		{1D474AE0-259D-4200-A78F-10FDB6935FF4}.Release|ARM.Deploy.0 = Release|Any CPU
		{1D474AE0-259D-4200-A78F-10FDB6935FF4}.Release|iPhone.ActiveCfg = Release|Any CPU
		{1D474AE0-259D-4200-A78F-10FDB6935FF4}.Release|iPhone.Build.0 = Release|Any CPU
		{1D474AE0-259D-4200-A78F-10FDB6935FF4}.Release|iPhone.Deploy.0 = Release|Any CPU
		{1D474AE0-259D-4200-A78F-10FDB6935FF4}.Release|iPhoneSimulator.ActiveCfg = Release|Any CPU
		{1D474AE0-259D-4200-A78F-10FDB6935FF4}.Release|iPhoneSimulator.Build.0 = Release|Any CPU
		{1D474AE0-259D-4200-A78F-10FDB6935FF4}.Release|iPhoneSimulator.Deploy.0 = Release|Any CPU
		{1D474AE0-259D-4200-A78F-10FDB6935FF4}.Release|x64.ActiveCfg = Release|Any CPU
		{1D474AE0-259D-4200-A78F-10FDB6935FF4}.Release|x64.Build.0 = Release|Any CPU
		{1D474AE0-259D-4200-A78F-10FDB6935FF4}.Release|x64.Deploy.0 = Release|Any CPU
		{1D474AE0-259D-4200-A78F-10FDB6935FF4}.Release|x86.ActiveCfg = Release|Any CPU
		{1D474AE0-259D-4200-A78F-10FDB6935FF4}.Release|x86.Build.0 = Release|Any CPU
		{1D474AE0-259D-4200-A78F-10FDB6935FF4}.Release|x86.Deploy.0 = Release|Any CPU
		{75DBD2FA-9BD7-42BE-BC3A-61C7E4E42B07}.Ad-Hoc|Any CPU.ActiveCfg = Ad-Hoc|iPhone
		{75DBD2FA-9BD7-42BE-BC3A-61C7E4E42B07}.Ad-Hoc|ARM.ActiveCfg = Ad-Hoc|iPhone
		{75DBD2FA-9BD7-42BE-BC3A-61C7E4E42B07}.Ad-Hoc|iPhone.ActiveCfg = Ad-Hoc|iPhone
		{75DBD2FA-9BD7-42BE-BC3A-61C7E4E42B07}.Ad-Hoc|iPhone.Build.0 = Ad-Hoc|iPhone
		{75DBD2FA-9BD7-42BE-BC3A-61C7E4E42B07}.Ad-Hoc|iPhoneSimulator.ActiveCfg = Ad-Hoc|iPhoneSimulator
		{75DBD2FA-9BD7-42BE-BC3A-61C7E4E42B07}.Ad-Hoc|iPhoneSimulator.Build.0 = Ad-Hoc|iPhoneSimulator
		{75DBD2FA-9BD7-42BE-BC3A-61C7E4E42B07}.Ad-Hoc|x64.ActiveCfg = Ad-Hoc|iPhone
		{75DBD2FA-9BD7-42BE-BC3A-61C7E4E42B07}.Ad-Hoc|x86.ActiveCfg = Ad-Hoc|iPhone
		{75DBD2FA-9BD7-42BE-BC3A-61C7E4E42B07}.AppStore|Any CPU.ActiveCfg = AppStore|iPhone
		{75DBD2FA-9BD7-42BE-BC3A-61C7E4E42B07}.AppStore|ARM.ActiveCfg = AppStore|iPhone
		{75DBD2FA-9BD7-42BE-BC3A-61C7E4E42B07}.AppStore|iPhone.ActiveCfg = AppStore|iPhone
		{75DBD2FA-9BD7-42BE-BC3A-61C7E4E42B07}.AppStore|iPhone.Build.0 = AppStore|iPhone
		{75DBD2FA-9BD7-42BE-BC3A-61C7E4E42B07}.AppStore|iPhoneSimulator.ActiveCfg = AppStore|iPhoneSimulator
		{75DBD2FA-9BD7-42BE-BC3A-61C7E4E42B07}.AppStore|iPhoneSimulator.Build.0 = AppStore|iPhoneSimulator
		{75DBD2FA-9BD7-42BE-BC3A-61C7E4E42B07}.AppStore|x64.ActiveCfg = AppStore|iPhone
		{75DBD2FA-9BD7-42BE-BC3A-61C7E4E42B07}.AppStore|x86.ActiveCfg = AppStore|iPhone
		{75DBD2FA-9BD7-42BE-BC3A-61C7E4E42B07}.Debug|Any CPU.ActiveCfg = Debug|iPhone
		{75DBD2FA-9BD7-42BE-BC3A-61C7E4E42B07}.Debug|ARM.ActiveCfg = Debug|iPhone
		{75DBD2FA-9BD7-42BE-BC3A-61C7E4E42B07}.Debug|iPhone.ActiveCfg = Debug|iPhone
		{75DBD2FA-9BD7-42BE-BC3A-61C7E4E42B07}.Debug|iPhone.Build.0 = Debug|iPhone
		{75DBD2FA-9BD7-42BE-BC3A-61C7E4E42B07}.Debug|iPhoneSimulator.ActiveCfg = Debug|iPhoneSimulator
		{75DBD2FA-9BD7-42BE-BC3A-61C7E4E42B07}.Debug|iPhoneSimulator.Build.0 = Debug|iPhoneSimulator
		{75DBD2FA-9BD7-42BE-BC3A-61C7E4E42B07}.Debug|x64.ActiveCfg = Debug|iPhone
		{75DBD2FA-9BD7-42BE-BC3A-61C7E4E42B07}.Debug|x86.ActiveCfg = Debug|iPhone
		{75DBD2FA-9BD7-42BE-BC3A-61C7E4E42B07}.Release|Any CPU.ActiveCfg = Release|iPhone
		{75DBD2FA-9BD7-42BE-BC3A-61C7E4E42B07}.Release|ARM.ActiveCfg = Release|iPhone
		{75DBD2FA-9BD7-42BE-BC3A-61C7E4E42B07}.Release|iPhone.ActiveCfg = Release|iPhone
		{75DBD2FA-9BD7-42BE-BC3A-61C7E4E42B07}.Release|iPhone.Build.0 = Release|iPhone
		{75DBD2FA-9BD7-42BE-BC3A-61C7E4E42B07}.Release|iPhoneSimulator.ActiveCfg = Release|iPhoneSimulator
		{75DBD2FA-9BD7-42BE-BC3A-61C7E4E42B07}.Release|iPhoneSimulator.Build.0 = Release|iPhoneSimulator
		{75DBD2FA-9BD7-42BE-BC3A-61C7E4E42B07}.Release|x64.ActiveCfg = Release|iPhone
		{75DBD2FA-9BD7-42BE-BC3A-61C7E4E42B07}.Release|x86.ActiveCfg = Release|iPhone
		{DF3A7FA4-662D-4EA6-9BA5-AE0ECA9A6819}.Ad-Hoc|Any CPU.ActiveCfg = Debug|Any CPU
		{DF3A7FA4-662D-4EA6-9BA5-AE0ECA9A6819}.Ad-Hoc|Any CPU.Build.0 = Debug|Any CPU
		{DF3A7FA4-662D-4EA6-9BA5-AE0ECA9A6819}.Ad-Hoc|ARM.ActiveCfg = Debug|Any CPU
		{DF3A7FA4-662D-4EA6-9BA5-AE0ECA9A6819}.Ad-Hoc|ARM.Build.0 = Debug|Any CPU
		{DF3A7FA4-662D-4EA6-9BA5-AE0ECA9A6819}.Ad-Hoc|iPhone.ActiveCfg = Debug|Any CPU
		{DF3A7FA4-662D-4EA6-9BA5-AE0ECA9A6819}.Ad-Hoc|iPhone.Build.0 = Debug|Any CPU
		{DF3A7FA4-662D-4EA6-9BA5-AE0ECA9A6819}.Ad-Hoc|iPhoneSimulator.ActiveCfg = Debug|Any CPU
		{DF3A7FA4-662D-4EA6-9BA5-AE0ECA9A6819}.Ad-Hoc|iPhoneSimulator.Build.0 = Debug|Any CPU
		{DF3A7FA4-662D-4EA6-9BA5-AE0ECA9A6819}.Ad-Hoc|x64.ActiveCfg = Debug|Any CPU
		{DF3A7FA4-662D-4EA6-9BA5-AE0ECA9A6819}.Ad-Hoc|x64.Build.0 = Debug|Any CPU
		{DF3A7FA4-662D-4EA6-9BA5-AE0ECA9A6819}.Ad-Hoc|x86.ActiveCfg = Debug|Any CPU
		{DF3A7FA4-662D-4EA6-9BA5-AE0ECA9A6819}.Ad-Hoc|x86.Build.0 = Debug|Any CPU
		{DF3A7FA4-662D-4EA6-9BA5-AE0ECA9A6819}.AppStore|Any CPU.ActiveCfg = Debug|Any CPU
		{DF3A7FA4-662D-4EA6-9BA5-AE0ECA9A6819}.AppStore|Any CPU.Build.0 = Debug|Any CPU
		{DF3A7FA4-662D-4EA6-9BA5-AE0ECA9A6819}.AppStore|ARM.ActiveCfg = Debug|Any CPU
		{DF3A7FA4-662D-4EA6-9BA5-AE0ECA9A6819}.AppStore|ARM.Build.0 = Debug|Any CPU
		{DF3A7FA4-662D-4EA6-9BA5-AE0ECA9A6819}.AppStore|iPhone.ActiveCfg = Debug|Any CPU
		{DF3A7FA4-662D-4EA6-9BA5-AE0ECA9A6819}.AppStore|iPhone.Build.0 = Debug|Any CPU
		{DF3A7FA4-662D-4EA6-9BA5-AE0ECA9A6819}.AppStore|iPhoneSimulator.ActiveCfg = Debug|Any CPU
		{DF3A7FA4-662D-4EA6-9BA5-AE0ECA9A6819}.AppStore|iPhoneSimulator.Build.0 = Debug|Any CPU
		{DF3A7FA4-662D-4EA6-9BA5-AE0ECA9A6819}.AppStore|x64.ActiveCfg = Debug|Any CPU
		{DF3A7FA4-662D-4EA6-9BA5-AE0ECA9A6819}.AppStore|x64.Build.0 = Debug|Any CPU
		{DF3A7FA4-662D-4EA6-9BA5-AE0ECA9A6819}.AppStore|x86.ActiveCfg = Debug|Any CPU
		{DF3A7FA4-662D-4EA6-9BA5-AE0ECA9A6819}.AppStore|x86.Build.0 = Debug|Any CPU
		{DF3A7FA4-662D-4EA6-9BA5-AE0ECA9A6819}.Debug|Any CPU.ActiveCfg = Debug|Any CPU
		{DF3A7FA4-662D-4EA6-9BA5-AE0ECA9A6819}.Debug|Any CPU.Build.0 = Debug|Any CPU
		{DF3A7FA4-662D-4EA6-9BA5-AE0ECA9A6819}.Debug|ARM.ActiveCfg = Debug|Any CPU
		{DF3A7FA4-662D-4EA6-9BA5-AE0ECA9A6819}.Debug|ARM.Build.0 = Debug|Any CPU
		{DF3A7FA4-662D-4EA6-9BA5-AE0ECA9A6819}.Debug|iPhone.ActiveCfg = Debug|Any CPU
		{DF3A7FA4-662D-4EA6-9BA5-AE0ECA9A6819}.Debug|iPhone.Build.0 = Debug|Any CPU
		{DF3A7FA4-662D-4EA6-9BA5-AE0ECA9A6819}.Debug|iPhoneSimulator.ActiveCfg = Debug|Any CPU
		{DF3A7FA4-662D-4EA6-9BA5-AE0ECA9A6819}.Debug|iPhoneSimulator.Build.0 = Debug|Any CPU
		{DF3A7FA4-662D-4EA6-9BA5-AE0ECA9A6819}.Debug|x64.ActiveCfg = Debug|Any CPU
		{DF3A7FA4-662D-4EA6-9BA5-AE0ECA9A6819}.Debug|x64.Build.0 = Debug|Any CPU
		{DF3A7FA4-662D-4EA6-9BA5-AE0ECA9A6819}.Debug|x86.ActiveCfg = Debug|Any CPU
		{DF3A7FA4-662D-4EA6-9BA5-AE0ECA9A6819}.Debug|x86.Build.0 = Debug|Any CPU
		{DF3A7FA4-662D-4EA6-9BA5-AE0ECA9A6819}.Release|Any CPU.ActiveCfg = Release|Any CPU
		{DF3A7FA4-662D-4EA6-9BA5-AE0ECA9A6819}.Release|Any CPU.Build.0 = Release|Any CPU
		{DF3A7FA4-662D-4EA6-9BA5-AE0ECA9A6819}.Release|ARM.ActiveCfg = Release|Any CPU
		{DF3A7FA4-662D-4EA6-9BA5-AE0ECA9A6819}.Release|ARM.Build.0 = Release|Any CPU
		{DF3A7FA4-662D-4EA6-9BA5-AE0ECA9A6819}.Release|iPhone.ActiveCfg = Release|Any CPU
		{DF3A7FA4-662D-4EA6-9BA5-AE0ECA9A6819}.Release|iPhone.Build.0 = Release|Any CPU
		{DF3A7FA4-662D-4EA6-9BA5-AE0ECA9A6819}.Release|iPhoneSimulator.ActiveCfg = Release|Any CPU
		{DF3A7FA4-662D-4EA6-9BA5-AE0ECA9A6819}.Release|iPhoneSimulator.Build.0 = Release|Any CPU
		{DF3A7FA4-662D-4EA6-9BA5-AE0ECA9A6819}.Release|x64.ActiveCfg = Release|Any CPU
		{DF3A7FA4-662D-4EA6-9BA5-AE0ECA9A6819}.Release|x64.Build.0 = Release|Any CPU
		{DF3A7FA4-662D-4EA6-9BA5-AE0ECA9A6819}.Release|x86.ActiveCfg = Release|Any CPU
		{DF3A7FA4-662D-4EA6-9BA5-AE0ECA9A6819}.Release|x86.Build.0 = Release|Any CPU
		{786C7984-DD0F-48EA-95AC-DB5B7DD16EF9}.Ad-Hoc|Any CPU.ActiveCfg = Release|Any CPU
		{786C7984-DD0F-48EA-95AC-DB5B7DD16EF9}.Ad-Hoc|Any CPU.Build.0 = Release|Any CPU
		{786C7984-DD0F-48EA-95AC-DB5B7DD16EF9}.Ad-Hoc|Any CPU.Deploy.0 = Release|Any CPU
		{786C7984-DD0F-48EA-95AC-DB5B7DD16EF9}.Ad-Hoc|ARM.ActiveCfg = Release|Any CPU
		{786C7984-DD0F-48EA-95AC-DB5B7DD16EF9}.Ad-Hoc|ARM.Build.0 = Release|Any CPU
		{786C7984-DD0F-48EA-95AC-DB5B7DD16EF9}.Ad-Hoc|ARM.Deploy.0 = Release|Any CPU
		{786C7984-DD0F-48EA-95AC-DB5B7DD16EF9}.Ad-Hoc|iPhone.ActiveCfg = Release|Any CPU
		{786C7984-DD0F-48EA-95AC-DB5B7DD16EF9}.Ad-Hoc|iPhone.Build.0 = Release|Any CPU
		{786C7984-DD0F-48EA-95AC-DB5B7DD16EF9}.Ad-Hoc|iPhone.Deploy.0 = Release|Any CPU
		{786C7984-DD0F-48EA-95AC-DB5B7DD16EF9}.Ad-Hoc|iPhoneSimulator.ActiveCfg = Release|Any CPU
		{786C7984-DD0F-48EA-95AC-DB5B7DD16EF9}.Ad-Hoc|iPhoneSimulator.Build.0 = Release|Any CPU
		{786C7984-DD0F-48EA-95AC-DB5B7DD16EF9}.Ad-Hoc|iPhoneSimulator.Deploy.0 = Release|Any CPU
		{786C7984-DD0F-48EA-95AC-DB5B7DD16EF9}.Ad-Hoc|x64.ActiveCfg = Release|Any CPU
		{786C7984-DD0F-48EA-95AC-DB5B7DD16EF9}.Ad-Hoc|x64.Build.0 = Release|Any CPU
		{786C7984-DD0F-48EA-95AC-DB5B7DD16EF9}.Ad-Hoc|x64.Deploy.0 = Release|Any CPU
		{786C7984-DD0F-48EA-95AC-DB5B7DD16EF9}.Ad-Hoc|x86.ActiveCfg = Release|Any CPU
		{786C7984-DD0F-48EA-95AC-DB5B7DD16EF9}.Ad-Hoc|x86.Build.0 = Release|Any CPU
		{786C7984-DD0F-48EA-95AC-DB5B7DD16EF9}.Ad-Hoc|x86.Deploy.0 = Release|Any CPU
		{786C7984-DD0F-48EA-95AC-DB5B7DD16EF9}.AppStore|Any CPU.ActiveCfg = Release|Any CPU
		{786C7984-DD0F-48EA-95AC-DB5B7DD16EF9}.AppStore|Any CPU.Build.0 = Release|Any CPU
		{786C7984-DD0F-48EA-95AC-DB5B7DD16EF9}.AppStore|Any CPU.Deploy.0 = Release|Any CPU
		{786C7984-DD0F-48EA-95AC-DB5B7DD16EF9}.AppStore|ARM.ActiveCfg = Release|Any CPU
		{786C7984-DD0F-48EA-95AC-DB5B7DD16EF9}.AppStore|ARM.Build.0 = Release|Any CPU
		{786C7984-DD0F-48EA-95AC-DB5B7DD16EF9}.AppStore|ARM.Deploy.0 = Release|Any CPU
		{786C7984-DD0F-48EA-95AC-DB5B7DD16EF9}.AppStore|iPhone.ActiveCfg = Release|Any CPU
		{786C7984-DD0F-48EA-95AC-DB5B7DD16EF9}.AppStore|iPhone.Build.0 = Release|Any CPU
		{786C7984-DD0F-48EA-95AC-DB5B7DD16EF9}.AppStore|iPhone.Deploy.0 = Release|Any CPU
		{786C7984-DD0F-48EA-95AC-DB5B7DD16EF9}.AppStore|iPhoneSimulator.ActiveCfg = Release|Any CPU
		{786C7984-DD0F-48EA-95AC-DB5B7DD16EF9}.AppStore|iPhoneSimulator.Build.0 = Release|Any CPU
		{786C7984-DD0F-48EA-95AC-DB5B7DD16EF9}.AppStore|iPhoneSimulator.Deploy.0 = Release|Any CPU
		{786C7984-DD0F-48EA-95AC-DB5B7DD16EF9}.AppStore|x64.ActiveCfg = Release|Any CPU
		{786C7984-DD0F-48EA-95AC-DB5B7DD16EF9}.AppStore|x64.Build.0 = Release|Any CPU
		{786C7984-DD0F-48EA-95AC-DB5B7DD16EF9}.AppStore|x64.Deploy.0 = Release|Any CPU
		{786C7984-DD0F-48EA-95AC-DB5B7DD16EF9}.AppStore|x86.ActiveCfg = Release|Any CPU
		{786C7984-DD0F-48EA-95AC-DB5B7DD16EF9}.AppStore|x86.Build.0 = Release|Any CPU
		{786C7984-DD0F-48EA-95AC-DB5B7DD16EF9}.AppStore|x86.Deploy.0 = Release|Any CPU
		{786C7984-DD0F-48EA-95AC-DB5B7DD16EF9}.Debug|Any CPU.ActiveCfg = Debug|Any CPU
		{786C7984-DD0F-48EA-95AC-DB5B7DD16EF9}.Debug|Any CPU.Build.0 = Debug|Any CPU
		{786C7984-DD0F-48EA-95AC-DB5B7DD16EF9}.Debug|Any CPU.Deploy.0 = Debug|Any CPU
		{786C7984-DD0F-48EA-95AC-DB5B7DD16EF9}.Debug|ARM.ActiveCfg = Debug|Any CPU
		{786C7984-DD0F-48EA-95AC-DB5B7DD16EF9}.Debug|ARM.Build.0 = Debug|Any CPU
		{786C7984-DD0F-48EA-95AC-DB5B7DD16EF9}.Debug|ARM.Deploy.0 = Debug|Any CPU
		{786C7984-DD0F-48EA-95AC-DB5B7DD16EF9}.Debug|iPhone.ActiveCfg = Debug|Any CPU
		{786C7984-DD0F-48EA-95AC-DB5B7DD16EF9}.Debug|iPhone.Build.0 = Debug|Any CPU
		{786C7984-DD0F-48EA-95AC-DB5B7DD16EF9}.Debug|iPhone.Deploy.0 = Debug|Any CPU
		{786C7984-DD0F-48EA-95AC-DB5B7DD16EF9}.Debug|iPhoneSimulator.ActiveCfg = Debug|Any CPU
		{786C7984-DD0F-48EA-95AC-DB5B7DD16EF9}.Debug|iPhoneSimulator.Build.0 = Debug|Any CPU
		{786C7984-DD0F-48EA-95AC-DB5B7DD16EF9}.Debug|iPhoneSimulator.Deploy.0 = Debug|Any CPU
		{786C7984-DD0F-48EA-95AC-DB5B7DD16EF9}.Debug|x64.ActiveCfg = Debug|Any CPU
		{786C7984-DD0F-48EA-95AC-DB5B7DD16EF9}.Debug|x64.Build.0 = Debug|Any CPU
		{786C7984-DD0F-48EA-95AC-DB5B7DD16EF9}.Debug|x64.Deploy.0 = Debug|Any CPU
		{786C7984-DD0F-48EA-95AC-DB5B7DD16EF9}.Debug|x86.ActiveCfg = Debug|Any CPU
		{786C7984-DD0F-48EA-95AC-DB5B7DD16EF9}.Debug|x86.Build.0 = Debug|Any CPU
		{786C7984-DD0F-48EA-95AC-DB5B7DD16EF9}.Debug|x86.Deploy.0 = Debug|Any CPU
		{786C7984-DD0F-48EA-95AC-DB5B7DD16EF9}.Release|Any CPU.ActiveCfg = Release|Any CPU
		{786C7984-DD0F-48EA-95AC-DB5B7DD16EF9}.Release|Any CPU.Build.0 = Release|Any CPU
		{786C7984-DD0F-48EA-95AC-DB5B7DD16EF9}.Release|Any CPU.Deploy.0 = Release|Any CPU
		{786C7984-DD0F-48EA-95AC-DB5B7DD16EF9}.Release|ARM.ActiveCfg = Release|Any CPU
		{786C7984-DD0F-48EA-95AC-DB5B7DD16EF9}.Release|ARM.Build.0 = Release|Any CPU
		{786C7984-DD0F-48EA-95AC-DB5B7DD16EF9}.Release|ARM.Deploy.0 = Release|Any CPU
		{786C7984-DD0F-48EA-95AC-DB5B7DD16EF9}.Release|iPhone.ActiveCfg = Release|Any CPU
		{786C7984-DD0F-48EA-95AC-DB5B7DD16EF9}.Release|iPhone.Build.0 = Release|Any CPU
		{786C7984-DD0F-48EA-95AC-DB5B7DD16EF9}.Release|iPhone.Deploy.0 = Release|Any CPU
		{786C7984-DD0F-48EA-95AC-DB5B7DD16EF9}.Release|iPhoneSimulator.ActiveCfg = Release|Any CPU
		{786C7984-DD0F-48EA-95AC-DB5B7DD16EF9}.Release|iPhoneSimulator.Build.0 = Release|Any CPU
		{786C7984-DD0F-48EA-95AC-DB5B7DD16EF9}.Release|iPhoneSimulator.Deploy.0 = Release|Any CPU
		{786C7984-DD0F-48EA-95AC-DB5B7DD16EF9}.Release|x64.ActiveCfg = Release|Any CPU
		{786C7984-DD0F-48EA-95AC-DB5B7DD16EF9}.Release|x64.Build.0 = Release|Any CPU
		{786C7984-DD0F-48EA-95AC-DB5B7DD16EF9}.Release|x64.Deploy.0 = Release|Any CPU
		{786C7984-DD0F-48EA-95AC-DB5B7DD16EF9}.Release|x86.ActiveCfg = Release|Any CPU
		{786C7984-DD0F-48EA-95AC-DB5B7DD16EF9}.Release|x86.Build.0 = Release|Any CPU
		{786C7984-DD0F-48EA-95AC-DB5B7DD16EF9}.Release|x86.Deploy.0 = Release|Any CPU
		{08968182-E001-4CD4-9A16-E142C393E8CF}.Ad-Hoc|Any CPU.ActiveCfg = Ad-Hoc|iPhone
		{08968182-E001-4CD4-9A16-E142C393E8CF}.Ad-Hoc|ARM.ActiveCfg = Ad-Hoc|iPhone
		{08968182-E001-4CD4-9A16-E142C393E8CF}.Ad-Hoc|iPhone.ActiveCfg = Ad-Hoc|iPhone
		{08968182-E001-4CD4-9A16-E142C393E8CF}.Ad-Hoc|iPhone.Build.0 = Ad-Hoc|iPhone
		{08968182-E001-4CD4-9A16-E142C393E8CF}.Ad-Hoc|iPhoneSimulator.ActiveCfg = Ad-Hoc|iPhoneSimulator
		{08968182-E001-4CD4-9A16-E142C393E8CF}.Ad-Hoc|iPhoneSimulator.Build.0 = Ad-Hoc|iPhoneSimulator
		{08968182-E001-4CD4-9A16-E142C393E8CF}.Ad-Hoc|x64.ActiveCfg = Ad-Hoc|iPhone
		{08968182-E001-4CD4-9A16-E142C393E8CF}.Ad-Hoc|x86.ActiveCfg = Ad-Hoc|iPhone
		{08968182-E001-4CD4-9A16-E142C393E8CF}.AppStore|Any CPU.ActiveCfg = AppStore|iPhone
		{08968182-E001-4CD4-9A16-E142C393E8CF}.AppStore|ARM.ActiveCfg = AppStore|iPhone
		{08968182-E001-4CD4-9A16-E142C393E8CF}.AppStore|iPhone.ActiveCfg = AppStore|iPhone
		{08968182-E001-4CD4-9A16-E142C393E8CF}.AppStore|iPhone.Build.0 = AppStore|iPhone
		{08968182-E001-4CD4-9A16-E142C393E8CF}.AppStore|iPhoneSimulator.ActiveCfg = AppStore|iPhoneSimulator
		{08968182-E001-4CD4-9A16-E142C393E8CF}.AppStore|iPhoneSimulator.Build.0 = AppStore|iPhoneSimulator
		{08968182-E001-4CD4-9A16-E142C393E8CF}.AppStore|x64.ActiveCfg = AppStore|iPhone
		{08968182-E001-4CD4-9A16-E142C393E8CF}.AppStore|x86.ActiveCfg = AppStore|iPhone
		{08968182-E001-4CD4-9A16-E142C393E8CF}.Debug|Any CPU.ActiveCfg = Debug|iPhone
		{08968182-E001-4CD4-9A16-E142C393E8CF}.Debug|ARM.ActiveCfg = Debug|iPhone
		{08968182-E001-4CD4-9A16-E142C393E8CF}.Debug|iPhone.ActiveCfg = Debug|iPhone
		{08968182-E001-4CD4-9A16-E142C393E8CF}.Debug|iPhone.Build.0 = Debug|iPhone
		{08968182-E001-4CD4-9A16-E142C393E8CF}.Debug|iPhoneSimulator.ActiveCfg = Debug|iPhoneSimulator
		{08968182-E001-4CD4-9A16-E142C393E8CF}.Debug|iPhoneSimulator.Build.0 = Debug|iPhoneSimulator
		{08968182-E001-4CD4-9A16-E142C393E8CF}.Debug|x64.ActiveCfg = Debug|iPhone
		{08968182-E001-4CD4-9A16-E142C393E8CF}.Debug|x86.ActiveCfg = Debug|iPhone
		{08968182-E001-4CD4-9A16-E142C393E8CF}.Release|Any CPU.ActiveCfg = Release|iPhone
		{08968182-E001-4CD4-9A16-E142C393E8CF}.Release|ARM.ActiveCfg = Release|iPhone
		{08968182-E001-4CD4-9A16-E142C393E8CF}.Release|iPhone.ActiveCfg = Release|iPhone
		{08968182-E001-4CD4-9A16-E142C393E8CF}.Release|iPhone.Build.0 = Release|iPhone
		{08968182-E001-4CD4-9A16-E142C393E8CF}.Release|iPhoneSimulator.ActiveCfg = Release|iPhoneSimulator
		{08968182-E001-4CD4-9A16-E142C393E8CF}.Release|iPhoneSimulator.Build.0 = Release|iPhoneSimulator
		{08968182-E001-4CD4-9A16-E142C393E8CF}.Release|x64.ActiveCfg = Release|iPhone
		{08968182-E001-4CD4-9A16-E142C393E8CF}.Release|x86.ActiveCfg = Release|iPhone
		{E738E87B-1D12-4C58-8A37-F17A6C33429D}.Ad-Hoc|Any CPU.ActiveCfg = Debug|Any CPU
		{E738E87B-1D12-4C58-8A37-F17A6C33429D}.Ad-Hoc|Any CPU.Build.0 = Debug|Any CPU
		{E738E87B-1D12-4C58-8A37-F17A6C33429D}.Ad-Hoc|ARM.ActiveCfg = Debug|Any CPU
		{E738E87B-1D12-4C58-8A37-F17A6C33429D}.Ad-Hoc|ARM.Build.0 = Debug|Any CPU
		{E738E87B-1D12-4C58-8A37-F17A6C33429D}.Ad-Hoc|iPhone.ActiveCfg = Debug|Any CPU
		{E738E87B-1D12-4C58-8A37-F17A6C33429D}.Ad-Hoc|iPhone.Build.0 = Debug|Any CPU
		{E738E87B-1D12-4C58-8A37-F17A6C33429D}.Ad-Hoc|iPhoneSimulator.ActiveCfg = Debug|Any CPU
		{E738E87B-1D12-4C58-8A37-F17A6C33429D}.Ad-Hoc|iPhoneSimulator.Build.0 = Debug|Any CPU
		{E738E87B-1D12-4C58-8A37-F17A6C33429D}.Ad-Hoc|x64.ActiveCfg = Debug|Any CPU
		{E738E87B-1D12-4C58-8A37-F17A6C33429D}.Ad-Hoc|x64.Build.0 = Debug|Any CPU
		{E738E87B-1D12-4C58-8A37-F17A6C33429D}.Ad-Hoc|x86.ActiveCfg = Debug|Any CPU
		{E738E87B-1D12-4C58-8A37-F17A6C33429D}.Ad-Hoc|x86.Build.0 = Debug|Any CPU
		{E738E87B-1D12-4C58-8A37-F17A6C33429D}.AppStore|Any CPU.ActiveCfg = Debug|Any CPU
		{E738E87B-1D12-4C58-8A37-F17A6C33429D}.AppStore|Any CPU.Build.0 = Debug|Any CPU
		{E738E87B-1D12-4C58-8A37-F17A6C33429D}.AppStore|ARM.ActiveCfg = Debug|Any CPU
		{E738E87B-1D12-4C58-8A37-F17A6C33429D}.AppStore|ARM.Build.0 = Debug|Any CPU
		{E738E87B-1D12-4C58-8A37-F17A6C33429D}.AppStore|iPhone.ActiveCfg = Debug|Any CPU
		{E738E87B-1D12-4C58-8A37-F17A6C33429D}.AppStore|iPhone.Build.0 = Debug|Any CPU
		{E738E87B-1D12-4C58-8A37-F17A6C33429D}.AppStore|iPhoneSimulator.ActiveCfg = Debug|Any CPU
		{E738E87B-1D12-4C58-8A37-F17A6C33429D}.AppStore|iPhoneSimulator.Build.0 = Debug|Any CPU
		{E738E87B-1D12-4C58-8A37-F17A6C33429D}.AppStore|x64.ActiveCfg = Debug|Any CPU
		{E738E87B-1D12-4C58-8A37-F17A6C33429D}.AppStore|x64.Build.0 = Debug|Any CPU
		{E738E87B-1D12-4C58-8A37-F17A6C33429D}.AppStore|x86.ActiveCfg = Debug|Any CPU
		{E738E87B-1D12-4C58-8A37-F17A6C33429D}.AppStore|x86.Build.0 = Debug|Any CPU
		{E738E87B-1D12-4C58-8A37-F17A6C33429D}.Debug|Any CPU.ActiveCfg = Debug|Any CPU
		{E738E87B-1D12-4C58-8A37-F17A6C33429D}.Debug|Any CPU.Build.0 = Debug|Any CPU
		{E738E87B-1D12-4C58-8A37-F17A6C33429D}.Debug|ARM.ActiveCfg = Debug|Any CPU
		{E738E87B-1D12-4C58-8A37-F17A6C33429D}.Debug|ARM.Build.0 = Debug|Any CPU
		{E738E87B-1D12-4C58-8A37-F17A6C33429D}.Debug|iPhone.ActiveCfg = Debug|Any CPU
		{E738E87B-1D12-4C58-8A37-F17A6C33429D}.Debug|iPhone.Build.0 = Debug|Any CPU
		{E738E87B-1D12-4C58-8A37-F17A6C33429D}.Debug|iPhoneSimulator.ActiveCfg = Debug|Any CPU
		{E738E87B-1D12-4C58-8A37-F17A6C33429D}.Debug|iPhoneSimulator.Build.0 = Debug|Any CPU
		{E738E87B-1D12-4C58-8A37-F17A6C33429D}.Debug|x64.ActiveCfg = Debug|Any CPU
		{E738E87B-1D12-4C58-8A37-F17A6C33429D}.Debug|x64.Build.0 = Debug|Any CPU
		{E738E87B-1D12-4C58-8A37-F17A6C33429D}.Debug|x86.ActiveCfg = Debug|Any CPU
		{E738E87B-1D12-4C58-8A37-F17A6C33429D}.Debug|x86.Build.0 = Debug|Any CPU
		{E738E87B-1D12-4C58-8A37-F17A6C33429D}.Release|Any CPU.ActiveCfg = Release|Any CPU
		{E738E87B-1D12-4C58-8A37-F17A6C33429D}.Release|Any CPU.Build.0 = Release|Any CPU
		{E738E87B-1D12-4C58-8A37-F17A6C33429D}.Release|ARM.ActiveCfg = Release|Any CPU
		{E738E87B-1D12-4C58-8A37-F17A6C33429D}.Release|ARM.Build.0 = Release|Any CPU
		{E738E87B-1D12-4C58-8A37-F17A6C33429D}.Release|iPhone.ActiveCfg = Release|Any CPU
		{E738E87B-1D12-4C58-8A37-F17A6C33429D}.Release|iPhone.Build.0 = Release|Any CPU
		{E738E87B-1D12-4C58-8A37-F17A6C33429D}.Release|iPhoneSimulator.ActiveCfg = Release|Any CPU
		{E738E87B-1D12-4C58-8A37-F17A6C33429D}.Release|iPhoneSimulator.Build.0 = Release|Any CPU
		{E738E87B-1D12-4C58-8A37-F17A6C33429D}.Release|x64.ActiveCfg = Release|Any CPU
		{E738E87B-1D12-4C58-8A37-F17A6C33429D}.Release|x64.Build.0 = Release|Any CPU
		{E738E87B-1D12-4C58-8A37-F17A6C33429D}.Release|x86.ActiveCfg = Release|Any CPU
		{E738E87B-1D12-4C58-8A37-F17A6C33429D}.Release|x86.Build.0 = Release|Any CPU
		{163D1FF1-C150-469D-A8AD-9186CE1E34C3}.Ad-Hoc|Any CPU.ActiveCfg = Release|Any CPU
		{163D1FF1-C150-469D-A8AD-9186CE1E34C3}.Ad-Hoc|Any CPU.Build.0 = Release|Any CPU
		{163D1FF1-C150-469D-A8AD-9186CE1E34C3}.Ad-Hoc|Any CPU.Deploy.0 = Release|Any CPU
		{163D1FF1-C150-469D-A8AD-9186CE1E34C3}.Ad-Hoc|ARM.ActiveCfg = Release|Any CPU
		{163D1FF1-C150-469D-A8AD-9186CE1E34C3}.Ad-Hoc|ARM.Build.0 = Release|Any CPU
		{163D1FF1-C150-469D-A8AD-9186CE1E34C3}.Ad-Hoc|ARM.Deploy.0 = Release|Any CPU
		{163D1FF1-C150-469D-A8AD-9186CE1E34C3}.Ad-Hoc|iPhone.ActiveCfg = Release|Any CPU
		{163D1FF1-C150-469D-A8AD-9186CE1E34C3}.Ad-Hoc|iPhone.Build.0 = Release|Any CPU
		{163D1FF1-C150-469D-A8AD-9186CE1E34C3}.Ad-Hoc|iPhone.Deploy.0 = Release|Any CPU
		{163D1FF1-C150-469D-A8AD-9186CE1E34C3}.Ad-Hoc|iPhoneSimulator.ActiveCfg = Release|Any CPU
		{163D1FF1-C150-469D-A8AD-9186CE1E34C3}.Ad-Hoc|iPhoneSimulator.Build.0 = Release|Any CPU
		{163D1FF1-C150-469D-A8AD-9186CE1E34C3}.Ad-Hoc|iPhoneSimulator.Deploy.0 = Release|Any CPU
		{163D1FF1-C150-469D-A8AD-9186CE1E34C3}.Ad-Hoc|x64.ActiveCfg = Release|Any CPU
		{163D1FF1-C150-469D-A8AD-9186CE1E34C3}.Ad-Hoc|x64.Build.0 = Release|Any CPU
		{163D1FF1-C150-469D-A8AD-9186CE1E34C3}.Ad-Hoc|x64.Deploy.0 = Release|Any CPU
		{163D1FF1-C150-469D-A8AD-9186CE1E34C3}.Ad-Hoc|x86.ActiveCfg = Release|Any CPU
		{163D1FF1-C150-469D-A8AD-9186CE1E34C3}.Ad-Hoc|x86.Build.0 = Release|Any CPU
		{163D1FF1-C150-469D-A8AD-9186CE1E34C3}.Ad-Hoc|x86.Deploy.0 = Release|Any CPU
		{163D1FF1-C150-469D-A8AD-9186CE1E34C3}.AppStore|Any CPU.ActiveCfg = Release|Any CPU
		{163D1FF1-C150-469D-A8AD-9186CE1E34C3}.AppStore|Any CPU.Build.0 = Release|Any CPU
		{163D1FF1-C150-469D-A8AD-9186CE1E34C3}.AppStore|Any CPU.Deploy.0 = Release|Any CPU
		{163D1FF1-C150-469D-A8AD-9186CE1E34C3}.AppStore|ARM.ActiveCfg = Release|Any CPU
		{163D1FF1-C150-469D-A8AD-9186CE1E34C3}.AppStore|ARM.Build.0 = Release|Any CPU
		{163D1FF1-C150-469D-A8AD-9186CE1E34C3}.AppStore|ARM.Deploy.0 = Release|Any CPU
		{163D1FF1-C150-469D-A8AD-9186CE1E34C3}.AppStore|iPhone.ActiveCfg = Release|Any CPU
		{163D1FF1-C150-469D-A8AD-9186CE1E34C3}.AppStore|iPhone.Build.0 = Release|Any CPU
		{163D1FF1-C150-469D-A8AD-9186CE1E34C3}.AppStore|iPhone.Deploy.0 = Release|Any CPU
		{163D1FF1-C150-469D-A8AD-9186CE1E34C3}.AppStore|iPhoneSimulator.ActiveCfg = Release|Any CPU
		{163D1FF1-C150-469D-A8AD-9186CE1E34C3}.AppStore|iPhoneSimulator.Build.0 = Release|Any CPU
		{163D1FF1-C150-469D-A8AD-9186CE1E34C3}.AppStore|iPhoneSimulator.Deploy.0 = Release|Any CPU
		{163D1FF1-C150-469D-A8AD-9186CE1E34C3}.AppStore|x64.ActiveCfg = Release|Any CPU
		{163D1FF1-C150-469D-A8AD-9186CE1E34C3}.AppStore|x64.Build.0 = Release|Any CPU
		{163D1FF1-C150-469D-A8AD-9186CE1E34C3}.AppStore|x64.Deploy.0 = Release|Any CPU
		{163D1FF1-C150-469D-A8AD-9186CE1E34C3}.AppStore|x86.ActiveCfg = Release|Any CPU
		{163D1FF1-C150-469D-A8AD-9186CE1E34C3}.AppStore|x86.Build.0 = Release|Any CPU
		{163D1FF1-C150-469D-A8AD-9186CE1E34C3}.AppStore|x86.Deploy.0 = Release|Any CPU
		{163D1FF1-C150-469D-A8AD-9186CE1E34C3}.Debug|Any CPU.ActiveCfg = Debug|Any CPU
		{163D1FF1-C150-469D-A8AD-9186CE1E34C3}.Debug|Any CPU.Build.0 = Debug|Any CPU
		{163D1FF1-C150-469D-A8AD-9186CE1E34C3}.Debug|Any CPU.Deploy.0 = Debug|Any CPU
		{163D1FF1-C150-469D-A8AD-9186CE1E34C3}.Debug|ARM.ActiveCfg = Debug|Any CPU
		{163D1FF1-C150-469D-A8AD-9186CE1E34C3}.Debug|ARM.Build.0 = Debug|Any CPU
		{163D1FF1-C150-469D-A8AD-9186CE1E34C3}.Debug|ARM.Deploy.0 = Debug|Any CPU
		{163D1FF1-C150-469D-A8AD-9186CE1E34C3}.Debug|iPhone.ActiveCfg = Debug|Any CPU
		{163D1FF1-C150-469D-A8AD-9186CE1E34C3}.Debug|iPhone.Build.0 = Debug|Any CPU
		{163D1FF1-C150-469D-A8AD-9186CE1E34C3}.Debug|iPhone.Deploy.0 = Debug|Any CPU
		{163D1FF1-C150-469D-A8AD-9186CE1E34C3}.Debug|iPhoneSimulator.ActiveCfg = Debug|Any CPU
		{163D1FF1-C150-469D-A8AD-9186CE1E34C3}.Debug|iPhoneSimulator.Build.0 = Debug|Any CPU
		{163D1FF1-C150-469D-A8AD-9186CE1E34C3}.Debug|iPhoneSimulator.Deploy.0 = Debug|Any CPU
		{163D1FF1-C150-469D-A8AD-9186CE1E34C3}.Debug|x64.ActiveCfg = Debug|Any CPU
		{163D1FF1-C150-469D-A8AD-9186CE1E34C3}.Debug|x64.Build.0 = Debug|Any CPU
		{163D1FF1-C150-469D-A8AD-9186CE1E34C3}.Debug|x64.Deploy.0 = Debug|Any CPU
		{163D1FF1-C150-469D-A8AD-9186CE1E34C3}.Debug|x86.ActiveCfg = Debug|Any CPU
		{163D1FF1-C150-469D-A8AD-9186CE1E34C3}.Debug|x86.Build.0 = Debug|Any CPU
		{163D1FF1-C150-469D-A8AD-9186CE1E34C3}.Debug|x86.Deploy.0 = Debug|Any CPU
		{163D1FF1-C150-469D-A8AD-9186CE1E34C3}.Release|Any CPU.ActiveCfg = Release|Any CPU
		{163D1FF1-C150-469D-A8AD-9186CE1E34C3}.Release|Any CPU.Build.0 = Release|Any CPU
		{163D1FF1-C150-469D-A8AD-9186CE1E34C3}.Release|Any CPU.Deploy.0 = Release|Any CPU
		{163D1FF1-C150-469D-A8AD-9186CE1E34C3}.Release|ARM.ActiveCfg = Release|Any CPU
		{163D1FF1-C150-469D-A8AD-9186CE1E34C3}.Release|ARM.Build.0 = Release|Any CPU
		{163D1FF1-C150-469D-A8AD-9186CE1E34C3}.Release|ARM.Deploy.0 = Release|Any CPU
		{163D1FF1-C150-469D-A8AD-9186CE1E34C3}.Release|iPhone.ActiveCfg = Release|Any CPU
		{163D1FF1-C150-469D-A8AD-9186CE1E34C3}.Release|iPhone.Build.0 = Release|Any CPU
		{163D1FF1-C150-469D-A8AD-9186CE1E34C3}.Release|iPhone.Deploy.0 = Release|Any CPU
		{163D1FF1-C150-469D-A8AD-9186CE1E34C3}.Release|iPhoneSimulator.ActiveCfg = Release|Any CPU
		{163D1FF1-C150-469D-A8AD-9186CE1E34C3}.Release|iPhoneSimulator.Build.0 = Release|Any CPU
		{163D1FF1-C150-469D-A8AD-9186CE1E34C3}.Release|iPhoneSimulator.Deploy.0 = Release|Any CPU
		{163D1FF1-C150-469D-A8AD-9186CE1E34C3}.Release|x64.ActiveCfg = Release|Any CPU
		{163D1FF1-C150-469D-A8AD-9186CE1E34C3}.Release|x64.Build.0 = Release|Any CPU
		{163D1FF1-C150-469D-A8AD-9186CE1E34C3}.Release|x64.Deploy.0 = Release|Any CPU
		{163D1FF1-C150-469D-A8AD-9186CE1E34C3}.Release|x86.ActiveCfg = Release|Any CPU
		{163D1FF1-C150-469D-A8AD-9186CE1E34C3}.Release|x86.Build.0 = Release|Any CPU
		{163D1FF1-C150-469D-A8AD-9186CE1E34C3}.Release|x86.Deploy.0 = Release|Any CPU
		{ECE0E400-796B-40F2-950D-C6EA1A89F0D3}.Ad-Hoc|Any CPU.ActiveCfg = Ad-Hoc|iPhone
		{ECE0E400-796B-40F2-950D-C6EA1A89F0D3}.Ad-Hoc|ARM.ActiveCfg = Ad-Hoc|iPhone
		{ECE0E400-796B-40F2-950D-C6EA1A89F0D3}.Ad-Hoc|iPhone.ActiveCfg = Ad-Hoc|iPhone
		{ECE0E400-796B-40F2-950D-C6EA1A89F0D3}.Ad-Hoc|iPhone.Build.0 = Ad-Hoc|iPhone
		{ECE0E400-796B-40F2-950D-C6EA1A89F0D3}.Ad-Hoc|iPhoneSimulator.ActiveCfg = Ad-Hoc|iPhoneSimulator
		{ECE0E400-796B-40F2-950D-C6EA1A89F0D3}.Ad-Hoc|iPhoneSimulator.Build.0 = Ad-Hoc|iPhoneSimulator
		{ECE0E400-796B-40F2-950D-C6EA1A89F0D3}.Ad-Hoc|x64.ActiveCfg = Ad-Hoc|iPhone
		{ECE0E400-796B-40F2-950D-C6EA1A89F0D3}.Ad-Hoc|x86.ActiveCfg = Ad-Hoc|iPhone
		{ECE0E400-796B-40F2-950D-C6EA1A89F0D3}.AppStore|Any CPU.ActiveCfg = AppStore|iPhone
		{ECE0E400-796B-40F2-950D-C6EA1A89F0D3}.AppStore|ARM.ActiveCfg = AppStore|iPhone
		{ECE0E400-796B-40F2-950D-C6EA1A89F0D3}.AppStore|iPhone.ActiveCfg = AppStore|iPhone
		{ECE0E400-796B-40F2-950D-C6EA1A89F0D3}.AppStore|iPhone.Build.0 = AppStore|iPhone
		{ECE0E400-796B-40F2-950D-C6EA1A89F0D3}.AppStore|iPhoneSimulator.ActiveCfg = AppStore|iPhoneSimulator
		{ECE0E400-796B-40F2-950D-C6EA1A89F0D3}.AppStore|iPhoneSimulator.Build.0 = AppStore|iPhoneSimulator
		{ECE0E400-796B-40F2-950D-C6EA1A89F0D3}.AppStore|x64.ActiveCfg = AppStore|iPhone
		{ECE0E400-796B-40F2-950D-C6EA1A89F0D3}.AppStore|x86.ActiveCfg = AppStore|iPhone
		{ECE0E400-796B-40F2-950D-C6EA1A89F0D3}.Debug|Any CPU.ActiveCfg = Debug|iPhone
		{ECE0E400-796B-40F2-950D-C6EA1A89F0D3}.Debug|ARM.ActiveCfg = Debug|iPhone
		{ECE0E400-796B-40F2-950D-C6EA1A89F0D3}.Debug|iPhone.ActiveCfg = Debug|iPhone
		{ECE0E400-796B-40F2-950D-C6EA1A89F0D3}.Debug|iPhone.Build.0 = Debug|iPhone
		{ECE0E400-796B-40F2-950D-C6EA1A89F0D3}.Debug|iPhoneSimulator.ActiveCfg = Debug|iPhoneSimulator
		{ECE0E400-796B-40F2-950D-C6EA1A89F0D3}.Debug|iPhoneSimulator.Build.0 = Debug|iPhoneSimulator
		{ECE0E400-796B-40F2-950D-C6EA1A89F0D3}.Debug|x64.ActiveCfg = Debug|iPhone
		{ECE0E400-796B-40F2-950D-C6EA1A89F0D3}.Debug|x86.ActiveCfg = Debug|iPhone
		{ECE0E400-796B-40F2-950D-C6EA1A89F0D3}.Release|Any CPU.ActiveCfg = Release|iPhone
		{ECE0E400-796B-40F2-950D-C6EA1A89F0D3}.Release|ARM.ActiveCfg = Release|iPhone
		{ECE0E400-796B-40F2-950D-C6EA1A89F0D3}.Release|iPhone.ActiveCfg = Release|iPhone
		{ECE0E400-796B-40F2-950D-C6EA1A89F0D3}.Release|iPhone.Build.0 = Release|iPhone
		{ECE0E400-796B-40F2-950D-C6EA1A89F0D3}.Release|iPhoneSimulator.ActiveCfg = Release|iPhoneSimulator
		{ECE0E400-796B-40F2-950D-C6EA1A89F0D3}.Release|iPhoneSimulator.Build.0 = Release|iPhoneSimulator
		{ECE0E400-796B-40F2-950D-C6EA1A89F0D3}.Release|x64.ActiveCfg = Release|iPhone
		{ECE0E400-796B-40F2-950D-C6EA1A89F0D3}.Release|x86.ActiveCfg = Release|iPhone
		{6AF0F9B3-C1A2-423A-AF63-5D3CF4AACB7F}.Ad-Hoc|Any CPU.ActiveCfg = Debug|Any CPU
		{6AF0F9B3-C1A2-423A-AF63-5D3CF4AACB7F}.Ad-Hoc|Any CPU.Build.0 = Debug|Any CPU
		{6AF0F9B3-C1A2-423A-AF63-5D3CF4AACB7F}.Ad-Hoc|ARM.ActiveCfg = Debug|Any CPU
		{6AF0F9B3-C1A2-423A-AF63-5D3CF4AACB7F}.Ad-Hoc|ARM.Build.0 = Debug|Any CPU
		{6AF0F9B3-C1A2-423A-AF63-5D3CF4AACB7F}.Ad-Hoc|iPhone.ActiveCfg = Debug|Any CPU
		{6AF0F9B3-C1A2-423A-AF63-5D3CF4AACB7F}.Ad-Hoc|iPhone.Build.0 = Debug|Any CPU
		{6AF0F9B3-C1A2-423A-AF63-5D3CF4AACB7F}.Ad-Hoc|iPhoneSimulator.ActiveCfg = Debug|Any CPU
		{6AF0F9B3-C1A2-423A-AF63-5D3CF4AACB7F}.Ad-Hoc|iPhoneSimulator.Build.0 = Debug|Any CPU
		{6AF0F9B3-C1A2-423A-AF63-5D3CF4AACB7F}.Ad-Hoc|x64.ActiveCfg = Debug|Any CPU
		{6AF0F9B3-C1A2-423A-AF63-5D3CF4AACB7F}.Ad-Hoc|x64.Build.0 = Debug|Any CPU
		{6AF0F9B3-C1A2-423A-AF63-5D3CF4AACB7F}.Ad-Hoc|x86.ActiveCfg = Debug|Any CPU
		{6AF0F9B3-C1A2-423A-AF63-5D3CF4AACB7F}.Ad-Hoc|x86.Build.0 = Debug|Any CPU
		{6AF0F9B3-C1A2-423A-AF63-5D3CF4AACB7F}.AppStore|Any CPU.ActiveCfg = Debug|Any CPU
		{6AF0F9B3-C1A2-423A-AF63-5D3CF4AACB7F}.AppStore|Any CPU.Build.0 = Debug|Any CPU
		{6AF0F9B3-C1A2-423A-AF63-5D3CF4AACB7F}.AppStore|ARM.ActiveCfg = Debug|Any CPU
		{6AF0F9B3-C1A2-423A-AF63-5D3CF4AACB7F}.AppStore|ARM.Build.0 = Debug|Any CPU
		{6AF0F9B3-C1A2-423A-AF63-5D3CF4AACB7F}.AppStore|iPhone.ActiveCfg = Debug|Any CPU
		{6AF0F9B3-C1A2-423A-AF63-5D3CF4AACB7F}.AppStore|iPhone.Build.0 = Debug|Any CPU
		{6AF0F9B3-C1A2-423A-AF63-5D3CF4AACB7F}.AppStore|iPhoneSimulator.ActiveCfg = Debug|Any CPU
		{6AF0F9B3-C1A2-423A-AF63-5D3CF4AACB7F}.AppStore|iPhoneSimulator.Build.0 = Debug|Any CPU
		{6AF0F9B3-C1A2-423A-AF63-5D3CF4AACB7F}.AppStore|x64.ActiveCfg = Debug|Any CPU
		{6AF0F9B3-C1A2-423A-AF63-5D3CF4AACB7F}.AppStore|x64.Build.0 = Debug|Any CPU
		{6AF0F9B3-C1A2-423A-AF63-5D3CF4AACB7F}.AppStore|x86.ActiveCfg = Debug|Any CPU
		{6AF0F9B3-C1A2-423A-AF63-5D3CF4AACB7F}.AppStore|x86.Build.0 = Debug|Any CPU
		{6AF0F9B3-C1A2-423A-AF63-5D3CF4AACB7F}.Debug|Any CPU.ActiveCfg = Debug|Any CPU
		{6AF0F9B3-C1A2-423A-AF63-5D3CF4AACB7F}.Debug|Any CPU.Build.0 = Debug|Any CPU
		{6AF0F9B3-C1A2-423A-AF63-5D3CF4AACB7F}.Debug|ARM.ActiveCfg = Debug|Any CPU
		{6AF0F9B3-C1A2-423A-AF63-5D3CF4AACB7F}.Debug|ARM.Build.0 = Debug|Any CPU
		{6AF0F9B3-C1A2-423A-AF63-5D3CF4AACB7F}.Debug|iPhone.ActiveCfg = Debug|Any CPU
		{6AF0F9B3-C1A2-423A-AF63-5D3CF4AACB7F}.Debug|iPhone.Build.0 = Debug|Any CPU
		{6AF0F9B3-C1A2-423A-AF63-5D3CF4AACB7F}.Debug|iPhoneSimulator.ActiveCfg = Debug|Any CPU
		{6AF0F9B3-C1A2-423A-AF63-5D3CF4AACB7F}.Debug|iPhoneSimulator.Build.0 = Debug|Any CPU
		{6AF0F9B3-C1A2-423A-AF63-5D3CF4AACB7F}.Debug|x64.ActiveCfg = Debug|Any CPU
		{6AF0F9B3-C1A2-423A-AF63-5D3CF4AACB7F}.Debug|x64.Build.0 = Debug|Any CPU
		{6AF0F9B3-C1A2-423A-AF63-5D3CF4AACB7F}.Debug|x86.ActiveCfg = Debug|Any CPU
		{6AF0F9B3-C1A2-423A-AF63-5D3CF4AACB7F}.Debug|x86.Build.0 = Debug|Any CPU
		{6AF0F9B3-C1A2-423A-AF63-5D3CF4AACB7F}.Release|Any CPU.ActiveCfg = Release|Any CPU
		{6AF0F9B3-C1A2-423A-AF63-5D3CF4AACB7F}.Release|Any CPU.Build.0 = Release|Any CPU
		{6AF0F9B3-C1A2-423A-AF63-5D3CF4AACB7F}.Release|ARM.ActiveCfg = Release|Any CPU
		{6AF0F9B3-C1A2-423A-AF63-5D3CF4AACB7F}.Release|ARM.Build.0 = Release|Any CPU
		{6AF0F9B3-C1A2-423A-AF63-5D3CF4AACB7F}.Release|iPhone.ActiveCfg = Release|Any CPU
		{6AF0F9B3-C1A2-423A-AF63-5D3CF4AACB7F}.Release|iPhone.Build.0 = Release|Any CPU
		{6AF0F9B3-C1A2-423A-AF63-5D3CF4AACB7F}.Release|iPhoneSimulator.ActiveCfg = Release|Any CPU
		{6AF0F9B3-C1A2-423A-AF63-5D3CF4AACB7F}.Release|iPhoneSimulator.Build.0 = Release|Any CPU
		{6AF0F9B3-C1A2-423A-AF63-5D3CF4AACB7F}.Release|x64.ActiveCfg = Release|Any CPU
		{6AF0F9B3-C1A2-423A-AF63-5D3CF4AACB7F}.Release|x64.Build.0 = Release|Any CPU
		{6AF0F9B3-C1A2-423A-AF63-5D3CF4AACB7F}.Release|x86.ActiveCfg = Release|Any CPU
		{6AF0F9B3-C1A2-423A-AF63-5D3CF4AACB7F}.Release|x86.Build.0 = Release|Any CPU
	EndGlobalSection
	GlobalSection(SolutionProperties) = preSolution
		HideSolutionNode = FALSE
	EndGlobalSection
	GlobalSection(ExtensibilityGlobals) = postSolution
		SolutionGuid = {9D6CE9C2-037C-4BF8-8A5E-ECDCEB472DB7}
	EndGlobalSection
EndGlobal
